
Microsoft Visual Studio Solution File, Format Version 12.00
# Visual Studio Version 17
VisualStudioVersion = 17.3.32922.545
MinimumVisualStudioVersion = 10.0.40219.1
Project("{8BC9CEB8-8B4A-11D0-8D11-00A0C91BC942}") = "Client", "Client\Client.vcxproj", "{8FEBB36F-E13A-4DF4-8107-B02611E0A7D5}"
EndProject
Project("{8BC9CEB8-8B4A-11D0-8D11-00A0C91BC942}") = "Engine", "Engine\Engine.vcxproj", "{06806043-109A-4097-8111-67B3C1B46BD1}"
EndProject
Project("{8BC9CEB8-8B4A-11D0-8D11-00A0C91BC942}") = "Shader", "Shader\Shader.vcxitems", "{4A0D3166-79C7-4733-BFA3-1BA10A1C1737}"
EndProject
Global
	GlobalSection(SolutionConfigurationPlatforms) = preSolution
		Debug|x64 = Debug|x64
		Debug|x86 = Debug|x86
		Release|x64 = Release|x64
		Release|x86 = Release|x86
	EndGlobalSection
	GlobalSection(ProjectConfigurationPlatforms) = postSolution
		{8FEBB36F-E13A-4DF4-8107-B02611E0A7D5}.Debug|x64.ActiveCfg = Debug|x64
		{8FEBB36F-E13A-4DF4-8107-B02611E0A7D5}.Debug|x64.Build.0 = Debug|x64
		{8FEBB36F-E13A-4DF4-8107-B02611E0A7D5}.Debug|x86.ActiveCfg = Debug|Win32
		{8FEBB36F-E13A-4DF4-8107-B02611E0A7D5}.Debug|x86.Build.0 = Debug|Win32
		{8FEBB36F-E13A-4DF4-8107-B02611E0A7D5}.Release|x64.ActiveCfg = Release|x64
		{8FEBB36F-E13A-4DF4-8107-B02611E0A7D5}.Release|x64.Build.0 = Release|x64
		{8FEBB36F-E13A-4DF4-8107-B02611E0A7D5}.Release|x86.ActiveCfg = Release|Win32
		{8FEBB36F-E13A-4DF4-8107-B02611E0A7D5}.Release|x86.Build.0 = Release|Win32
		{06806043-109A-4097-8111-67B3C1B46BD1}.Debug|x64.ActiveCfg = Debug|x64
		{06806043-109A-4097-8111-67B3C1B46BD1}.Debug|x64.Build.0 = Debug|x64
		{06806043-109A-4097-8111-67B3C1B46BD1}.Debug|x86.ActiveCfg = Debug|Win32
		{06806043-109A-4097-8111-67B3C1B46BD1}.Debug|x86.Build.0 = Debug|Win32
		{06806043-109A-4097-8111-67B3C1B46BD1}.Release|x64.ActiveCfg = Release|x64
		{06806043-109A-4097-8111-67B3C1B46BD1}.Release|x64.Build.0 = Release|x64
		{06806043-109A-4097-8111-67B3C1B46BD1}.Release|x86.ActiveCfg = Release|Win32
		{06806043-109A-4097-8111-67B3C1B46BD1}.Release|x86.Build.0 = Release|Win32
	EndGlobalSection
	GlobalSection(SolutionProperties) = preSolution
		HideSolutionNode = FALSE
	EndGlobalSection
	GlobalSection(ExtensibilityGlobals) = postSolution
		SolutionGuid = {F58FFA6A-A4E7-47E9-AE83-62E14569BD64}
	EndGlobalSection
EndGlobal
