<?xml version="1.0" encoding="utf-8"?>
<Project ToolsVersion="4.0" xmlns="http://schemas.microsoft.com/developer/msbuild/2003">
  <ItemGroup>
    <Filter Include="VS">
      <UniqueIdentifier>{eb9066de-d849-4e38-a471-22f9dff44e20}</UniqueIdentifier>
    </Filter>
    <Filter Include="PS">
      <UniqueIdentifier>{c80fcfb2-d5d7-4c02-a9dc-2437bed6efab}</UniqueIdentifier>
    </Filter>
    <Filter Include="ParticleAnimation">
      <UniqueIdentifier>{b277a1b9-8411-4dd9-a69a-15abf8ee9884}</UniqueIdentifier>
    </Filter>
    <Filter Include="Particle">
      <UniqueIdentifier>{7f71d6a9-1991-4b52-807c-7772f2519243}</UniqueIdentifier>
    </Filter>
    <Filter Include="Light">
      <UniqueIdentifier>{0011c631-ca96-403c-aff2-9d75d2009e1c}</UniqueIdentifier>
    </Filter>
  </ItemGroup>
  <ItemGroup>
    <FxCompile Include="$(MSBuildThisFileDirectory)DebugVS.hlsl">
      <Filter>VS</Filter>
    </FxCompile>
    <FxCompile Include="$(MSBuildThisFileDirectory)DebugPS.hlsl">
      <Filter>PS</Filter>
    </FxCompile>
    <FxCompile Include="$(MSBuildThisFileDirectory)SpriteVS.hlsl">
      <Filter>VS</Filter>
    </FxCompile>
    <FxCompile Include="$(MSBuildThisFileDirectory)SpritePS.hlsl">
      <Filter>PS</Filter>
    </FxCompile>
    <FxCompile Include="$(MSBuildThisFileDirectory)SpriteAnimationVS.hlsl">
      <Filter>VS</Filter>
    </FxCompile>
    <FxCompile Include="$(MSBuildThisFileDirectory)SpriteAnimationPS.hlsl">
      <Filter>PS</Filter>
    </FxCompile>
    <FxCompile Include="$(MSBuildThisFileDirectory)ParticleAnimationCS.hlsl">
      <Filter>ParticleAnimation</Filter>
    </FxCompile>
    <FxCompile Include="$(MSBuildThisFileDirectory)ParticleAnimationGS.hlsl">
      <Filter>ParticleAnimation</Filter>
    </FxCompile>
    <FxCompile Include="$(MSBuildThisFileDirectory)ParticleAnimationVS.hlsl">
      <Filter>ParticleAnimation</Filter>
    </FxCompile>
    <FxCompile Include="$(MSBuildThisFileDirectory)ParticleAnimationPS.hlsl">
      <Filter>ParticleAnimation</Filter>
    </FxCompile>
    <FxCompile Include="$(MSBuildThisFileDirectory)ParticlePS.hlsl">
      <Filter>Particle</Filter>
    </FxCompile>
    <FxCompile Include="$(MSBuildThisFileDirectory)ParticleGS.hlsl">
      <Filter>Particle</Filter>
    </FxCompile>
    <FxCompile Include="$(MSBuildThisFileDirectory)ParticleVS.hlsl">
      <Filter>Particle</Filter>
    </FxCompile>
    <FxCompile Include="$(MSBuildThisFileDirectory)ParticleCS.hlsl">
      <Filter>Particle</Filter>
    </FxCompile>
    <FxCompile Include="$(MSBuildThisFileDirectory)ProjectileParticleCS.hlsl">
      <Filter>Particle</Filter>
    </FxCompile>
    <FxCompile Include="$(MSBuildThisFileDirectory)TriangleVS.hlsl">
      <Filter>VS</Filter>
    </FxCompile>
    <FxCompile Include="$(MSBuildThisFileDirectory)TrianglePS.hlsl">
      <Filter>PS</Filter>
    </FxCompile>
    <FxCompile Include="$(MSBuildThisFileDirectory)LightMapPS.hlsl">
      <Filter>Light</Filter>
    </FxCompile>
    <FxCompile Include="$(MSBuildThisFileDirectory)LightVS.hlsl">
      <Filter>Light</Filter>
    </FxCompile>
    <FxCompile Include="$(MSBuildThisFileDirectory)LightPS.hlsl">
      <Filter>Light</Filter>
    </FxCompile>
  </ItemGroup>
  <ItemGroup>
    <None Include="$(MSBuildThisFileDirectory)Common.hlsli" />
    <None Include="$(MSBuildThisFileDirectory)Particle.hlsli" />
    <None Include="$(MSBuildThisFileDirectory)LightMapVS.hlsl">
      <Filter>Light</Filter>
    </None>
  </ItemGroup>
</Project>