<?xml version="1.0" encoding="utf-8"?>
<Project ToolsVersion="4.0" xmlns="http://schemas.microsoft.com/developer/msbuild/2003">
  <ItemGroup>
    <Filter Include="Common">
      <UniqueIdentifier>{477ea4f6-6882-4b63-9b65-de7ffec2259b}</UniqueIdentifier>
    </Filter>
    <Filter Include="Common\Entity">
      <UniqueIdentifier>{561eb85b-9191-4cf2-8bf7-c477e0979e5d}</UniqueIdentifier>
    </Filter>
    <Filter Include="Application">
      <UniqueIdentifier>{94059b13-4e2e-459b-a8c1-13ad87242e29}</UniqueIdentifier>
    </Filter>
    <Filter Include="Resource">
      <UniqueIdentifier>{b48a19e9-9de4-418f-b1e9-27a0f1fc90c2}</UniqueIdentifier>
    </Filter>
    <Filter Include="Manager">
      <UniqueIdentifier>{740d17ea-d463-4e92-b2d7-eac1d04bf43f}</UniqueIdentifier>
    </Filter>
    <Filter Include="Manager\SceneManager">
      <UniqueIdentifier>{a7567df6-1774-4c12-9f68-d3f4ce565218}</UniqueIdentifier>
    </Filter>
    <Filter Include="Scene">
      <UniqueIdentifier>{3decc5f7-c68c-4013-ae41-b6093a23c155}</UniqueIdentifier>
    </Filter>
    <Filter Include="Scene\Scene">
      <UniqueIdentifier>{780786df-5790-442b-b0b0-9d1ce546ac0a}</UniqueIdentifier>
    </Filter>
    <Filter Include="Scene\Layer">
      <UniqueIdentifier>{2b73ba5d-ca78-4ba7-981d-fc4778d1e243}</UniqueIdentifier>
    </Filter>
    <Filter Include="Scene\Scene\Base">
      <UniqueIdentifier>{15528161-1041-47d5-8ce0-aba8c9796955}</UniqueIdentifier>
    </Filter>
    <Filter Include="Scene\Scene\PlayScene">
      <UniqueIdentifier>{4ca0343a-d00e-400f-b3cd-86c97be25565}</UniqueIdentifier>
    </Filter>
    <Filter Include="Resource\Base">
      <UniqueIdentifier>{3ae54276-075d-4887-9bd9-5e33fa14f09c}</UniqueIdentifier>
    </Filter>
    <Filter Include="Resource\Texture">
      <UniqueIdentifier>{55d1f822-fbd8-4f24-baf9-fc7dc42175e9}</UniqueIdentifier>
    </Filter>
    <Filter Include="Common\Header">
      <UniqueIdentifier>{822f6e20-25a1-4c87-bac0-c018f3cccfe7}</UniqueIdentifier>
    </Filter>
    <Filter Include="Manager\Input">
      <UniqueIdentifier>{19b0102d-8dd0-43ed-935a-e6cbbce0c89d}</UniqueIdentifier>
    </Filter>
    <Filter Include="Manager\Time">
      <UniqueIdentifier>{f73ba1d7-ee4b-4b1d-aa9b-56769c0d32b6}</UniqueIdentifier>
    </Filter>
    <Filter Include="Manager\ResourceManager">
      <UniqueIdentifier>{0efae034-0d05-441b-9755-3725c3816664}</UniqueIdentifier>
    </Filter>
    <Filter Include="Resource\Shader">
      <UniqueIdentifier>{8704f0fc-fb12-4173-a340-64e60cde570e}</UniqueIdentifier>
    </Filter>
    <Filter Include="Resource\Mesh">
      <UniqueIdentifier>{a17da8f0-a9db-435b-acdd-56c5aa30a1dd}</UniqueIdentifier>
    </Filter>
    <Filter Include="Resource\Material">
      <UniqueIdentifier>{a55c6cf9-8f62-4211-84ce-d5e381d6efd1}</UniqueIdentifier>
    </Filter>
    <Filter Include="Graphics">
      <UniqueIdentifier>{bd06b5b0-6b45-415b-a98d-9717d8d9850d}</UniqueIdentifier>
    </Filter>
    <Filter Include="Graphics\Device">
      <UniqueIdentifier>{8dd5f6c4-9771-4ac9-aba3-a9e8c8749cc2}</UniqueIdentifier>
    </Filter>
    <Filter Include="Graphics\Renderer">
      <UniqueIdentifier>{cfeda0f8-04a4-4dfc-bf17-4077c51f4e5d}</UniqueIdentifier>
    </Filter>
    <Filter Include="Graphics\ConstantBuffer">
      <UniqueIdentifier>{2f1622fd-2933-47fe-8726-734e9b71489f}</UniqueIdentifier>
    </Filter>
    <Filter Include="Element">
      <UniqueIdentifier>{7e9daeee-2335-47ce-a3c6-bc3f996447b7}</UniqueIdentifier>
    </Filter>
    <Filter Include="Element\Solid">
      <UniqueIdentifier>{e9d85e11-1a26-4386-91bc-b2da55e7ebb5}</UniqueIdentifier>
    </Filter>
    <Filter Include="Element\Base">
      <UniqueIdentifier>{caa83fda-6a70-47a7-9f3c-570db02943b6}</UniqueIdentifier>
    </Filter>
    <Filter Include="Element\Solid\Base">
      <UniqueIdentifier>{ea8d178f-a6bd-455f-b532-986ee4287304}</UniqueIdentifier>
    </Filter>
    <Filter Include="Element\Liquid">
      <UniqueIdentifier>{f931164e-1baa-4601-a43c-a408a1538f91}</UniqueIdentifier>
    </Filter>
    <Filter Include="Element\Liquid\Water">
      <UniqueIdentifier>{265deb77-6c3a-43cc-8334-bca234418b67}</UniqueIdentifier>
    </Filter>
    <Filter Include="Element\Liquid\Base">
      <UniqueIdentifier>{ac336c2d-dfa0-4359-90ff-ebc6897081e6}</UniqueIdentifier>
    </Filter>
    <Filter Include="Element\Liquid\Oil">
      <UniqueIdentifier>{981984cb-c4f4-4647-a163-9e4ef29e1df7}</UniqueIdentifier>
    </Filter>
    <Filter Include="Element\Solid\Movable">
      <UniqueIdentifier>{762334b7-407b-4fed-8294-0d44c6b72774}</UniqueIdentifier>
    </Filter>
    <Filter Include="Element\Solid\Immovable">
      <UniqueIdentifier>{1294568d-a467-4a22-b69e-2dde825dc4ed}</UniqueIdentifier>
    </Filter>
    <Filter Include="Element\Solid\Movable\Base">
      <UniqueIdentifier>{d3ade850-ce8a-4f2d-8827-23ac59fbc608}</UniqueIdentifier>
    </Filter>
    <Filter Include="Element\Solid\Movable\Sand">
      <UniqueIdentifier>{31bddde0-3ca8-48a1-be83-0f1cf02ea17b}</UniqueIdentifier>
    </Filter>
    <Filter Include="Element\Solid\Immovable\Base">
      <UniqueIdentifier>{44343517-c266-444d-b31a-f13afaf77432}</UniqueIdentifier>
    </Filter>
    <Filter Include="Element\Solid\Immovable\Rock">
      <UniqueIdentifier>{f8142e17-960b-4a28-b5e6-8a5b83589bff}</UniqueIdentifier>
    </Filter>
    <Filter Include="Element\Color">
      <UniqueIdentifier>{872e4ff1-3a3a-465c-ab4e-794d8dee1f51}</UniqueIdentifier>
    </Filter>
    <Filter Include="Element\Empty">
      <UniqueIdentifier>{2ab93a74-e3f7-4182-8f70-53eb3c578c71}</UniqueIdentifier>
    </Filter>
    <Filter Include="Element\Gas">
      <UniqueIdentifier>{2c471736-1fca-4998-b1c5-d1c5aca3a914}</UniqueIdentifier>
    </Filter>
    <Filter Include="Element\Gas\Base">
      <UniqueIdentifier>{0d60329c-dd2f-4df3-bcc0-9d6c5db7bee0}</UniqueIdentifier>
    </Filter>
    <Filter Include="Element\Gas\Spark">
      <UniqueIdentifier>{dd2a49d3-84dc-4791-90d3-9b7abb6c58fa}</UniqueIdentifier>
    </Filter>
    <Filter Include="Element\Gas\Smoke">
      <UniqueIdentifier>{f5f5240a-5843-4435-a937-7195c361a6e4}</UniqueIdentifier>
    </Filter>
    <Filter Include="PixelWorld">
      <UniqueIdentifier>{9b8458f7-0010-41bc-969e-f103864d4249}</UniqueIdentifier>
    </Filter>
    <Filter Include="Resource\Animation">
      <UniqueIdentifier>{5de830db-ee19-40e3-ab23-e52bfcb632d9}</UniqueIdentifier>
    </Filter>
    <Filter Include="Box2dWorld">
      <UniqueIdentifier>{4961fd9a-eec0-4869-9071-2a2bc93c05af}</UniqueIdentifier>
    </Filter>
    <Filter Include="UI">
      <UniqueIdentifier>{46c98f6c-b6fe-4fb2-a58e-963abae3eda3}</UniqueIdentifier>
    </Filter>
    <Filter Include="UI\Inventory">
      <UniqueIdentifier>{97366aa3-41e8-4340-ab60-1ad807b2c4c8}</UniqueIdentifier>
    </Filter>
    <Filter Include="UI\Base">
      <UniqueIdentifier>{2fdca9f5-ee47-4fcb-a9bd-243c803d74ab}</UniqueIdentifier>
    </Filter>
    <Filter Include="UI\Mouse">
      <UniqueIdentifier>{c0dbdc52-0580-48fc-b1cc-b41a3a2313ed}</UniqueIdentifier>
    </Filter>
    <Filter Include="UI\Inventory\ItemTexture">
      <UniqueIdentifier>{aded8c0f-26a6-4bba-9141-5aae184923e8}</UniqueIdentifier>
    </Filter>
    <Filter Include="UI\ItemTextureHighlight">
      <UniqueIdentifier>{58cd1e62-3e2d-48ed-9f48-4a6d398d8691}</UniqueIdentifier>
    </Filter>
    <Filter Include="Manager\EventManager">
      <UniqueIdentifier>{73039cfa-c4d1-4ead-933e-1b975d52ea03}</UniqueIdentifier>
    </Filter>
    <Filter Include="UI\Inventory\InfoBox">
      <UniqueIdentifier>{206c5b2a-a349-4cfb-ac9f-b266e62e501d}</UniqueIdentifier>
    </Filter>
    <Filter Include="UI\Inventory\InfoBox\InfoBoxTexture">
      <UniqueIdentifier>{bf2b841e-aa10-4086-bd1e-0ddb60d83573}</UniqueIdentifier>
    </Filter>
    <Filter Include="Graphics\StructedBuffer">
      <UniqueIdentifier>{0463dad5-700a-47a0-a7ff-2588c3de68f0}</UniqueIdentifier>
    </Filter>
    <Filter Include="Resource\ComputeShader">
      <UniqueIdentifier>{00e24653-df7c-4e84-82e4-6884865566d5}</UniqueIdentifier>
    </Filter>
    <Filter Include="Resource\ComputeShader\ParticleShader">
      <UniqueIdentifier>{d6f30488-7940-4c90-82e6-fad2c417f2f9}</UniqueIdentifier>
    </Filter>
    <Filter Include="Manager\ObjectPoolManager">
      <UniqueIdentifier>{cea95f48-5eda-412e-b72e-5e3f9899c803}</UniqueIdentifier>
    </Filter>
    <Filter Include="Component">
      <UniqueIdentifier>{9402beab-cf01-4e9e-8dd1-6a9f295bde4a}</UniqueIdentifier>
    </Filter>
    <Filter Include="Component\Base">
      <UniqueIdentifier>{2530ca1b-50a0-4a2f-9ef8-dec89dde7ee0}</UniqueIdentifier>
    </Filter>
    <Filter Include="Component\Transform">
      <UniqueIdentifier>{a1bf01eb-46c7-414c-ae45-f196efa45229}</UniqueIdentifier>
    </Filter>
    <Filter Include="Component\MeshRenderer">
      <UniqueIdentifier>{85c0df24-4171-4660-b45f-b1af55684ea1}</UniqueIdentifier>
    </Filter>
    <Filter Include="Component\Camera">
      <UniqueIdentifier>{bb8d0172-2335-4d19-8e18-28d6894b0234}</UniqueIdentifier>
    </Filter>
    <Filter Include="Component\Camera\MainCamera">
      <UniqueIdentifier>{0ae3d3ac-cbfe-464f-85d7-1cb21a1039c3}</UniqueIdentifier>
    </Filter>
    <Filter Include="Component\Camera\UICamera">
      <UniqueIdentifier>{44be276c-3273-4ebc-85b8-c09ec2f40f1d}</UniqueIdentifier>
    </Filter>
    <Filter Include="Component\Camera\Base">
      <UniqueIdentifier>{4063dd8d-27de-42bf-9b9f-de5af62983f8}</UniqueIdentifier>
    </Filter>
    <Filter Include="Component\Animator">
      <UniqueIdentifier>{a5f70619-7441-478d-b4cd-2647786bd661}</UniqueIdentifier>
    </Filter>
    <Filter Include="Component\ParticleSystem">
      <UniqueIdentifier>{48b9acf4-bedd-4b67-b80e-95dd3269c450}</UniqueIdentifier>
    </Filter>
    <Filter Include="Component\RigidBody">
      <UniqueIdentifier>{1944a4c2-ff10-4f56-a76e-26771cbf458a}</UniqueIdentifier>
    </Filter>
    <Filter Include="GameObject">
      <UniqueIdentifier>{f7ec4d14-97f5-47aa-9c52-f71503ea0191}</UniqueIdentifier>
    </Filter>
    <Filter Include="GameObject\Base">
      <UniqueIdentifier>{d0e3d960-04d8-407c-a667-dc2db214e16d}</UniqueIdentifier>
    </Filter>
    <Filter Include="GameObject\Player">
      <UniqueIdentifier>{4a4fa22a-3160-48fe-a20c-4161eb7b6323}</UniqueIdentifier>
    </Filter>
    <Filter Include="GameObject\Player\PlayerArm">
      <UniqueIdentifier>{e5dfa335-8a24-4f46-8b24-bb5f8ff2eb20}</UniqueIdentifier>
    </Filter>
    <Filter Include="GameObject\Player\PlayerBody">
      <UniqueIdentifier>{d2237bbd-d139-465d-bc38-746721f63c67}</UniqueIdentifier>
    </Filter>
    <Filter Include="GameObject\Equipment">
      <UniqueIdentifier>{4c4ac0af-b5c1-415a-ac73-d3de576dca7e}</UniqueIdentifier>
    </Filter>
    <Filter Include="GameObject\Equipment\Wand">
      <UniqueIdentifier>{69ecb260-2f56-49b9-8852-495cfb982cef}</UniqueIdentifier>
    </Filter>
    <Filter Include="GameObject\Equipment\Wand\Base">
      <UniqueIdentifier>{c30a2ba7-9ac2-4ed0-8955-000b9bd94a87}</UniqueIdentifier>
    </Filter>
    <Filter Include="GameObject\Equipment\Wand\BoltWand0997">
      <UniqueIdentifier>{e1529bcd-033e-4eba-b294-2da01b2e041c}</UniqueIdentifier>
    </Filter>
    <Filter Include="GameObject\Equipment\Wand\BlastWand0585">
      <UniqueIdentifier>{f23ee366-5e06-4b73-98a0-c3a139630619}</UniqueIdentifier>
    </Filter>
    <Filter Include="GameObject\Equipment\Base">
      <UniqueIdentifier>{78f07279-5df1-4967-9004-ef54a850baf3}</UniqueIdentifier>
    </Filter>
    <Filter Include="GameObject\Effect">
      <UniqueIdentifier>{d1109ae9-b9f9-4138-adf3-afc7e951ce56}</UniqueIdentifier>
    </Filter>
    <Filter Include="GameObject\Effect\Explosion">
      <UniqueIdentifier>{cd57352f-637c-4440-b54c-0aa6c4dafec4}</UniqueIdentifier>
    </Filter>
    <Filter Include="GameObject\Effect\Smoke_Orange">
      <UniqueIdentifier>{712eea2f-e28a-4186-812a-4ddacec486aa}</UniqueIdentifier>
    </Filter>
    <Filter Include="Component\Collider">
      <UniqueIdentifier>{98999ec4-a034-42f6-85e8-8960143ee3a9}</UniqueIdentifier>
    </Filter>
    <Filter Include="Manager\CollisionManager">
      <UniqueIdentifier>{d1fa5ff3-cff4-45c6-b766-2adad6ee1f5f}</UniqueIdentifier>
    </Filter>
    <Filter Include="GameObject\Monster">
      <UniqueIdentifier>{52d7c89b-d67a-4dd8-a728-d97c7f98b3bd}</UniqueIdentifier>
    </Filter>
    <Filter Include="GameObject\Monster\ShotGunner_Weak">
      <UniqueIdentifier>{3502c1df-a7a7-4bb5-83ac-7336a3b8d43b}</UniqueIdentifier>
    </Filter>
    <Filter Include="Component\PixelCollider">
      <UniqueIdentifier>{55f8ae59-61a0-4e2c-a3e4-6f8ba008fbad}</UniqueIdentifier>
    </Filter>
    <Filter Include="Component\Transform\Script">
      <UniqueIdentifier>{0cc6caae-b32e-4329-85c1-b540c7fcf12f}</UniqueIdentifier>
    </Filter>
    <Filter Include="Component\Transform\Script\Player">
      <UniqueIdentifier>{c644f2a5-6ad4-4b77-9221-8a672b8a2855}</UniqueIdentifier>
    </Filter>
    <Filter Include="Component\Transform\Script\Wand">
      <UniqueIdentifier>{201cfd53-bc61-4bd8-80ef-969c424e37df}</UniqueIdentifier>
    </Filter>
    <Filter Include="Component\Levitation">
      <UniqueIdentifier>{143f6676-0ae3-4a59-ac7f-28a4f88ff501}</UniqueIdentifier>
    </Filter>
    <Filter Include="GameObject\Effect\ExplosionEffect">
      <UniqueIdentifier>{96210bc7-15cf-4f07-9378-a474c5059357}</UniqueIdentifier>
    </Filter>
    <Filter Include="Component\PixelCollider_Lite">
      <UniqueIdentifier>{fc771a23-f108-42c0-b482-9b3e74041cc5}</UniqueIdentifier>
    </Filter>
    <Filter Include="Common\Math">
      <UniqueIdentifier>{0ebbc145-c34a-414a-a368-1b2bd4e3aaac}</UniqueIdentifier>
    </Filter>
    <Filter Include="Component\Light">
      <UniqueIdentifier>{4ddfda6e-2563-490a-88d1-fe126939abf7}</UniqueIdentifier>
    </Filter>
    <Filter Include="Component\DetectPlayer">
      <UniqueIdentifier>{b7630488-b372-4c3c-ba7c-47d6cb8c511e}</UniqueIdentifier>
    </Filter>
    <Filter Include="UI\SpellUI">
      <UniqueIdentifier>{190e7220-3362-4dd8-a52a-458c324f787b}</UniqueIdentifier>
    </Filter>
    <Filter Include="UI\SpellUI\Base">
      <UniqueIdentifier>{f8a17337-7161-48bb-b859-f7b38cde0517}</UniqueIdentifier>
    </Filter>
    <Filter Include="UI\SpellUI\LightBullet">
      <UniqueIdentifier>{94c3465f-69d5-4d8c-ae3a-b5bc54a3a6c7}</UniqueIdentifier>
    </Filter>
    <Filter Include="UI\Inventory\SpellSlot">
      <UniqueIdentifier>{b24b25a8-e3d0-4edb-98be-3e7a67eb8174}</UniqueIdentifier>
    </Filter>
    <Filter Include="UI\Inventory\ItemSlot">
      <UniqueIdentifier>{5b8e899b-b476-4219-8f27-513d545837db}</UniqueIdentifier>
    </Filter>
    <Filter Include="UI\SpellUI\SpeedUp">
      <UniqueIdentifier>{c65a9c1a-ffa9-4b53-9614-2010960437e9}</UniqueIdentifier>
    </Filter>
    <Filter Include="Manager\UIManager">
      <UniqueIdentifier>{e679f939-66fb-45ac-b5b2-695e4bb0b18b}</UniqueIdentifier>
    </Filter>
    <Filter Include="UI\HUD">
      <UniqueIdentifier>{5bb4a26e-b835-4784-bfb8-ae0b432dd441}</UniqueIdentifier>
    </Filter>
    <Filter Include="UI\HUD\Health">
      <UniqueIdentifier>{dcbc154b-a14f-4d62-8992-5ca3f4933283}</UniqueIdentifier>
    </Filter>
    <Filter Include="UI\HUD\LevitationEnerge">
      <UniqueIdentifier>{ba9f30cc-34de-4520-be43-86a6e78dfe8e}</UniqueIdentifier>
    </Filter>
    <Filter Include="UI\HUD\WandMana">
      <UniqueIdentifier>{c869fea3-3c85-450b-b34c-be4f9a6d0656}</UniqueIdentifier>
    </Filter>
    <Filter Include="UI\HUD\WandRecharge">
      <UniqueIdentifier>{a48f4916-2ada-4a06-8c6f-fbf930cfb408}</UniqueIdentifier>
    </Filter>
    <Filter Include="UI\HUD\Gold">
      <UniqueIdentifier>{6d0b35e6-a085-486d-8a27-7728b2b54398}</UniqueIdentifier>
    </Filter>
    <Filter Include="UI\HUD\BarBackGround">
      <UniqueIdentifier>{3dbfd0c0-c1f1-4058-90a2-3c3f4e827a58}</UniqueIdentifier>
    </Filter>
    <Filter Include="UI\HUD\Icon">
      <UniqueIdentifier>{040be5b8-2ca5-4190-aa26-f8dede9add16}</UniqueIdentifier>
    </Filter>
    <Filter Include="Etc">
      <UniqueIdentifier>{1aabcb38-1670-49b9-b9e7-424338658feb}</UniqueIdentifier>
    </Filter>
    <Filter Include="UI\Inventory\TextBox">
      <UniqueIdentifier>{b0655fe3-6bc1-4d03-8274-15ba068b46f9}</UniqueIdentifier>
    </Filter>
    <Filter Include="GameObject\TextObject">
      <UniqueIdentifier>{52a4a64c-db70-4dd3-ad05-111a3a48b4df}</UniqueIdentifier>
    </Filter>
    <Filter Include="GameObject\Effect\MuzzleEffect">
      <UniqueIdentifier>{747fb3f9-ec3e-4c1e-bf6f-71e4993e6751}</UniqueIdentifier>
    </Filter>
    <Filter Include="UI\SpellUI\Bullet">
      <UniqueIdentifier>{f69239f3-5011-4862-a1c4-2522fe4f6d58}</UniqueIdentifier>
    </Filter>
    <Filter Include="UI\SpellUI\WaterTrail">
      <UniqueIdentifier>{5c6164a6-b91f-467e-9865-3b24c43c28ac}</UniqueIdentifier>
    </Filter>
    <Filter Include="Component\Box2dCollider">
      <UniqueIdentifier>{90a65842-9de7-4de7-9a4a-a7c93fe2a559}</UniqueIdentifier>
    </Filter>
    <Filter Include="UI\SpellUI\Bomb">
      <UniqueIdentifier>{8317c367-ccc1-4c6f-bb07-e3bf19e77493}</UniqueIdentifier>
    </Filter>
    <Filter Include="Scene\Scene\OpeninigScene">
      <UniqueIdentifier>{02f5a1b9-6330-4a65-b9c7-6abf4bea3755}</UniqueIdentifier>
    </Filter>
    <Filter Include="GameObject\Vegetation">
      <UniqueIdentifier>{4375e8a8-45a7-473f-9608-6ec05d43bd67}</UniqueIdentifier>
    </Filter>
    <Filter Include="GameObject\Teleport">
      <UniqueIdentifier>{d0a8a589-e102-42c4-be6a-81b3fb52f43d}</UniqueIdentifier>
    </Filter>
    <Filter Include="GameObject\Spell">
      <UniqueIdentifier>{a1e0faa0-856b-4e02-8480-87e8431c92b3}</UniqueIdentifier>
    </Filter>
    <Filter Include="GameObject\Spell\Base">
      <UniqueIdentifier>{00a0a4fe-f793-4764-a7a3-ca9493a9f4df}</UniqueIdentifier>
    </Filter>
    <Filter Include="GameObject\Spell\Utility">
      <UniqueIdentifier>{ef794fe7-d66d-4d4c-8f3a-483ebe74eda4}</UniqueIdentifier>
    </Filter>
    <Filter Include="GameObject\Spell\Utility\Base">
      <UniqueIdentifier>{fb5277f1-ba06-4a37-91e7-535e1aaa0fca}</UniqueIdentifier>
    </Filter>
    <Filter Include="GameObject\Spell\Utility\MultiCast">
      <UniqueIdentifier>{4f51b664-95e4-47cd-a11f-c595e821141f}</UniqueIdentifier>
    </Filter>
    <Filter Include="GameObject\Spell\Utility\Other">
      <UniqueIdentifier>{0d0e078c-4384-4799-bf4e-7b314a42652d}</UniqueIdentifier>
    </Filter>
    <Filter Include="GameObject\Spell\Utility\Other\Base">
      <UniqueIdentifier>{a23b5107-4c72-4157-bfb0-82501b964c6c}</UniqueIdentifier>
    </Filter>
    <Filter Include="GameObject\Spell\Utility\Modifier">
      <UniqueIdentifier>{12e2a015-2139-44af-822b-ffb3eb175a72}</UniqueIdentifier>
    </Filter>
    <Filter Include="GameObject\Spell\Utility\Modifier\Base">
      <UniqueIdentifier>{1751adb5-a90a-4ced-b263-e7f645a26718}</UniqueIdentifier>
    </Filter>
    <Filter Include="GameObject\Spell\Utility\Modifier\SpeedUp">
      <UniqueIdentifier>{c3c5cdc3-39bd-461f-a759-3cf70d244f9b}</UniqueIdentifier>
    </Filter>
    <Filter Include="GameObject\Spell\Utility\Modifier\WaterTrail">
      <UniqueIdentifier>{854fa86f-bbeb-4132-b5f1-c5894dc765b5}</UniqueIdentifier>
    </Filter>
    <Filter Include="GameObject\Spell\Projectile">
      <UniqueIdentifier>{4662bc87-5cbc-4fa4-aa64-3625cc487c8e}</UniqueIdentifier>
    </Filter>
    <Filter Include="GameObject\Spell\Projectile\Base">
      <UniqueIdentifier>{addbcecc-ee09-487b-9d32-d0f29233b6fc}</UniqueIdentifier>
    </Filter>
    <Filter Include="GameObject\Spell\Projectile\SparkBolt">
      <UniqueIdentifier>{ac57409f-2c48-45c2-919d-8d56576def88}</UniqueIdentifier>
    </Filter>
    <Filter Include="GameObject\Spell\Projectile\MagicArrow">
      <UniqueIdentifier>{88ecd984-cec8-4ecf-b141-6ad03c10cf4b}</UniqueIdentifier>
    </Filter>
    <Filter Include="GameObject\Spell\Projectile\Bomb">
      <UniqueIdentifier>{969f7fcd-6225-408e-aee5-298e44783e79}</UniqueIdentifier>
    </Filter>
    <Filter Include="GameObject\MonsterAttack">
      <UniqueIdentifier>{e67ed068-c99f-4b5a-acb3-072d7ceb6b52}</UniqueIdentifier>
    </Filter>
    <Filter Include="GameObject\MonsterAttack\Base">
      <UniqueIdentifier>{d810db05-9245-42e0-aa72-d428a546c7d8}</UniqueIdentifier>
    </Filter>
    <Filter Include="Component\HealthPoint">
      <UniqueIdentifier>{dcb91e10-60b8-4ca4-971c-048a5381d063}</UniqueIdentifier>
    </Filter>
    <Filter Include="GameObject\MonsterAttack\FireBall_Small">
      <UniqueIdentifier>{8d65700e-ebda-45af-a70e-03d86af278c3}</UniqueIdentifier>
    </Filter>
    <Filter Include="GameObject\Centipede">
      <UniqueIdentifier>{1ddfe771-16a4-4e71-abcd-30b5a6285745}</UniqueIdentifier>
    </Filter>
    <Filter Include="GameObject\Centipede\Body">
      <UniqueIdentifier>{1adf72b6-3f0e-405c-b2db-2b3b3896bc2b}</UniqueIdentifier>
    </Filter>
    <Filter Include="GameObject\Centipede\Limp">
      <UniqueIdentifier>{d88f655f-4687-46aa-82cc-c9293dcb0a9e}</UniqueIdentifier>
    </Filter>
    <Filter Include="GameObject\Centipede\Limp\LimbA">
      <UniqueIdentifier>{7c92d6c1-de60-4f26-89ea-048920b3d4bf}</UniqueIdentifier>
    </Filter>
    <Filter Include="GameObject\Centipede\Limp\LimbB">
      <UniqueIdentifier>{fdc1c6d3-71d5-4728-86f9-e31fc08fca5d}</UniqueIdentifier>
    </Filter>
    <Filter Include="GameObject\Centipede\Limp\LimbKnee">
      <UniqueIdentifier>{1a4c1350-82d9-4c7b-9e1c-2c0ea7700420}</UniqueIdentifier>
    </Filter>
    <Filter Include="GameObject\Centipede\Tail">
      <UniqueIdentifier>{fa3393e6-5234-4364-a5e3-34f48148a239}</UniqueIdentifier>
    </Filter>
    <Filter Include="GameObject\Centipede\Tail\Tail1">
      <UniqueIdentifier>{64c29384-aa33-4b5e-92b7-2dbcc4cda297}</UniqueIdentifier>
    </Filter>
    <Filter Include="GameObject\Centipede\Tail\Tail2">
      <UniqueIdentifier>{2cee3ced-085c-47d5-9994-e4502bcbcf61}</UniqueIdentifier>
    </Filter>
    <Filter Include="GameObject\Centipede\Attack">
      <UniqueIdentifier>{1a241812-9396-49c2-9305-81941869b854}</UniqueIdentifier>
    </Filter>
    <Filter Include="GameObject\Centipede\Attack\OrbPink">
      <UniqueIdentifier>{5f9a5494-6df2-4e13-a730-2ebc5539ab73}</UniqueIdentifier>
    </Filter>
    <Filter Include="GameObject\Centipede\Attack\Grenade">
      <UniqueIdentifier>{16dbe71b-9ecb-49fc-96dc-045ac9503f76}</UniqueIdentifier>
    </Filter>
    <Filter Include="GameObject\Centipede\Attack\CentipedeParticle">
      <UniqueIdentifier>{4bbe9837-8fd2-497e-9d10-a1b248a0e65d}</UniqueIdentifier>
    </Filter>
    <Filter Include="Manager\BloomManager">
      <UniqueIdentifier>{313810dc-b606-41de-b53e-51baba7dc5e2}</UniqueIdentifier>
    </Filter>
    <Filter Include="Graphics\Texture2D">
      <UniqueIdentifier>{a76ad5f0-b25c-4bb9-9784-ca67379b2a5c}</UniqueIdentifier>
    </Filter>
    <Filter Include="GameObject\Centipede\Attack\OrbBlue">
      <UniqueIdentifier>{91696afb-385a-4444-8475-5eabeb6ee57b}</UniqueIdentifier>
    </Filter>
    <Filter Include="Scene\Scene\BossArena">
      <UniqueIdentifier>{95b5f3e9-0485-4c20-979b-4370919ba8c7}</UniqueIdentifier>
    </Filter>
    <Filter Include="GameObject\Spell\Projectile\Megalaser">
      <UniqueIdentifier>{ccb3c4df-2915-4598-8404-ab9a124ef10b}</UniqueIdentifier>
    </Filter>
    <Filter Include="Audio">
      <UniqueIdentifier>{6918cac9-15c2-4c9f-a067-8c8f351be7e5}</UniqueIdentifier>
    </Filter>
    <Filter Include="UI\SpellUI\Megalaser">
      <UniqueIdentifier>{589b6ea2-53c3-4bce-bedf-d7fc1f55270a}</UniqueIdentifier>
    </Filter>
    <Filter Include="GameObject\Spell\Projectile\Megalaser\Child">
      <UniqueIdentifier>{ce717d35-e048-4a63-ae4a-c80fec864da2}</UniqueIdentifier>
    </Filter>
    <Filter Include="GameObject\Player\PlayerView">
      <UniqueIdentifier>{47587b28-4b34-4ee2-9977-e01a439c6dbb}</UniqueIdentifier>
    </Filter>
    <Filter Include="UI\SpellUI\Luminous_drill">
      <UniqueIdentifier>{007615d6-8c57-4498-8220-6582c2e82719}</UniqueIdentifier>
    </Filter>
    <Filter Include="GameObject\Spell\Projectile\Luminous_drill">
      <UniqueIdentifier>{1ac88331-11a8-4991-8432-7b85535398ac}</UniqueIdentifier>
    </Filter>
    <Filter Include="UI\SpellUI\Rubber_ball">
      <UniqueIdentifier>{12252b4d-f050-4b11-9457-3a78040a91b7}</UniqueIdentifier>
    </Filter>
    <Filter Include="GameObject\Spell\Projectile\BouncingBurst">
      <UniqueIdentifier>{ff97e6bd-f9f1-48f5-b1b6-13cc73fd4555}</UniqueIdentifier>
    </Filter>
    <Filter Include="GameObject\Monster\Zombie_weak">
      <UniqueIdentifier>{625f2cd3-fc51-46a1-8cde-e3e965e8a2f3}</UniqueIdentifier>
    </Filter>
    <Filter Include="Scene\Scene\EndScene">
      <UniqueIdentifier>{0fb0a69f-6a05-4559-b155-60684fd0b721}</UniqueIdentifier>
    </Filter>
    <Filter Include="GameObject\Effect\EndingEffect">
      <UniqueIdentifier>{d0845b20-a951-4cb2-b310-c78fc4e57fd9}</UniqueIdentifier>
    </Filter>
    <Filter Include="GameObject\Teleport\RedTeleport">
      <UniqueIdentifier>{8e91e46e-bf5c-41ae-8a3e-6e54aecaf7b3}</UniqueIdentifier>
    </Filter>
  </ItemGroup>
  <ItemGroup>
    <ClCompile Include="$(MSBuildThisFileDirectory)zzEntity.cpp">
      <Filter>Common\Entity</Filter>
    </ClCompile>
    <ClCompile Include="$(MSBuildThisFileDirectory)zzApplication.cpp">
      <Filter>Application</Filter>
    </ClCompile>
    <ClCompile Include="$(MSBuildThisFileDirectory)zzMath.cpp">
      <Filter>Common\Math</Filter>
    </ClCompile>
    <ClCompile Include="$(MSBuildThisFileDirectory)zzInput.cpp">
      <Filter>Manager\Input</Filter>
    </ClCompile>
    <ClCompile Include="$(MSBuildThisFileDirectory)zzTime.cpp">
      <Filter>Manager\Time</Filter>
    </ClCompile>
    <ClCompile Include="$(MSBuildThisFileDirectory)zzGraphicsDevice.cpp">
      <Filter>Graphics\Device</Filter>
    </ClCompile>
    <ClCompile Include="$(MSBuildThisFileDirectory)zzRenderer.cpp">
      <Filter>Graphics\Renderer</Filter>
    </ClCompile>
    <ClCompile Include="$(MSBuildThisFileDirectory)zzMesh.cpp">
      <Filter>Resource\Mesh</Filter>
    </ClCompile>
    <ClCompile Include="$(MSBuildThisFileDirectory)zzConstantBuffer.cpp">
      <Filter>Graphics\ConstantBuffer</Filter>
    </ClCompile>
    <ClCompile Include="$(MSBuildThisFileDirectory)zzSceneManager.cpp">
      <Filter>Manager\SceneManager</Filter>
    </ClCompile>
    <ClCompile Include="$(MSBuildThisFileDirectory)zzLayer.cpp">
      <Filter>Scene\Layer</Filter>
    </ClCompile>
    <ClCompile Include="$(MSBuildThisFileDirectory)zzComponent.cpp">
      <Filter>Component\Base</Filter>
    </ClCompile>
    <ClCompile Include="$(MSBuildThisFileDirectory)zzScene.cpp">
      <Filter>Scene\Scene\Base</Filter>
    </ClCompile>
    <ClCompile Include="$(MSBuildThisFileDirectory)zzGameObject.cpp">
      <Filter>GameObject\Base</Filter>
    </ClCompile>
    <ClCompile Include="$(MSBuildThisFileDirectory)zzTransform.cpp">
      <Filter>Component\Transform</Filter>
    </ClCompile>
    <ClCompile Include="$(MSBuildThisFileDirectory)zzMeshRenderer.cpp">
      <Filter>Component\MeshRenderer</Filter>
    </ClCompile>
    <ClCompile Include="$(MSBuildThisFileDirectory)zzResourceManager.cpp">
      <Filter>Manager\ResourceManager</Filter>
    </ClCompile>
    <ClCompile Include="$(MSBuildThisFileDirectory)zzResource.cpp">
      <Filter>Resource\Base</Filter>
    </ClCompile>
    <ClCompile Include="$(MSBuildThisFileDirectory)zzTexture.cpp">
      <Filter>Resource\Texture</Filter>
    </ClCompile>
    <ClCompile Include="$(MSBuildThisFileDirectory)zzShader.cpp">
      <Filter>Resource\Shader</Filter>
    </ClCompile>
    <ClCompile Include="$(MSBuildThisFileDirectory)zzMaterial.cpp">
      <Filter>Resource\Material</Filter>
    </ClCompile>
    <ClCompile Include="$(MSBuildThisFileDirectory)zzScript.cpp">
      <Filter>Component\Transform\Script</Filter>
    </ClCompile>
    <ClCompile Include="$(MSBuildThisFileDirectory)zzSand.cpp">
      <Filter>Element\Solid\Movable\Sand</Filter>
    </ClCompile>
    <ClCompile Include="$(MSBuildThisFileDirectory)zzChunk.cpp">
      <Filter>Element</Filter>
    </ClCompile>
    <ClCompile Include="$(MSBuildThisFileDirectory)zzBGScript.cpp">
      <Filter>Component\Transform\Script</Filter>
    </ClCompile>
    <ClCompile Include="$(MSBuildThisFileDirectory)zzCameraScript.cpp">
      <Filter>Component\Transform\Script</Filter>
    </ClCompile>
    <ClCompile Include="$(MSBuildThisFileDirectory)zzWater.cpp">
      <Filter>Element\Liquid\Water</Filter>
    </ClCompile>
    <ClCompile Include="$(MSBuildThisFileDirectory)zzLiquid.cpp">
      <Filter>Element\Liquid\Base</Filter>
    </ClCompile>
    <ClCompile Include="$(MSBuildThisFileDirectory)zzRock.cpp">
      <Filter>Element\Solid\Immovable\Rock</Filter>
    </ClCompile>
    <ClCompile Include="$(MSBuildThisFileDirectory)zzOil.cpp">
      <Filter>Element\Liquid\Oil</Filter>
    </ClCompile>
    <ClCompile Include="$(MSBuildThisFileDirectory)zzSolid.cpp">
      <Filter>Element\Solid\Base</Filter>
    </ClCompile>
    <ClCompile Include="$(MSBuildThisFileDirectory)zzMovableSolid.cpp">
      <Filter>Element\Solid\Movable\Base</Filter>
    </ClCompile>
    <ClCompile Include="$(MSBuildThisFileDirectory)zzImmovableSolid.cpp">
      <Filter>Element\Solid\Immovable\Base</Filter>
    </ClCompile>
    <ClCompile Include="$(MSBuildThisFileDirectory)zzEmptyElement.cpp">
      <Filter>Element\Empty</Filter>
    </ClCompile>
    <ClCompile Include="$(MSBuildThisFileDirectory)zzGas.cpp">
      <Filter>Element\Gas\Base</Filter>
    </ClCompile>
    <ClCompile Include="$(MSBuildThisFileDirectory)zzSpark.cpp">
      <Filter>Element\Gas\Spark</Filter>
    </ClCompile>
    <ClCompile Include="$(MSBuildThisFileDirectory)zzSmoke.cpp">
      <Filter>Element\Gas\Smoke</Filter>
    </ClCompile>
    <ClCompile Include="$(MSBuildThisFileDirectory)zzPixelWorld.cpp">
      <Filter>PixelWorld</Filter>
    </ClCompile>
    <ClCompile Include="$(MSBuildThisFileDirectory)zzPixelChunk.cpp">
      <Filter>PixelWorld</Filter>
    </ClCompile>
    <ClCompile Include="$(MSBuildThisFileDirectory)zzPixelChunkMap.cpp">
      <Filter>PixelWorld</Filter>
    </ClCompile>
    <ClCompile Include="$(MSBuildThisFileDirectory)zzAnimator.cpp">
      <Filter>Component\Animator</Filter>
    </ClCompile>
    <ClCompile Include="$(MSBuildThisFileDirectory)zzAnimation.cpp">
      <Filter>Resource\Animation</Filter>
    </ClCompile>
    <ClCompile Include="$(MSBuildThisFileDirectory)zzPlayerScript.cpp">
      <Filter>Component\Transform\Script\Player</Filter>
    </ClCompile>
    <ClCompile Include="$(MSBuildThisFileDirectory)zzBox2dWorld.cpp">
      <Filter>Box2dWorld</Filter>
    </ClCompile>
    <ClCompile Include="$(MSBuildThisFileDirectory)zzPlayerArmScript.cpp">
      <Filter>Component\Transform\Script\Player</Filter>
    </ClCompile>
    <ClCompile Include="$(MSBuildThisFileDirectory)zzWandScript.cpp">
      <Filter>Component\Transform\Script\Wand</Filter>
    </ClCompile>
    <ClCompile Include="$(MSBuildThisFileDirectory)zzCursorScript.cpp">
      <Filter>Component\Transform\Script</Filter>
    </ClCompile>
    <ClCompile Include="$(MSBuildThisFileDirectory)zzInventoryBG.cpp">
      <Filter>UI\Inventory</Filter>
    </ClCompile>
    <ClCompile Include="$(MSBuildThisFileDirectory)zzUIManager.cpp">
      <Filter>Manager\UIManager</Filter>
    </ClCompile>
    <ClCompile Include="$(MSBuildThisFileDirectory)zzWand.cpp">
      <Filter>GameObject\Equipment\Wand\Base</Filter>
    </ClCompile>
    <ClCompile Include="$(MSBuildThisFileDirectory)zzBlastWand_0585.cpp">
      <Filter>GameObject\Equipment\Wand\BlastWand0585</Filter>
    </ClCompile>
    <ClCompile Include="$(MSBuildThisFileDirectory)zzPlayer.cpp">
      <Filter>GameObject\Player\PlayerBody</Filter>
    </ClCompile>
    <ClCompile Include="$(MSBuildThisFileDirectory)zzPlayerArm.cpp">
      <Filter>GameObject\Player\PlayerArm</Filter>
    </ClCompile>
    <ClCompile Include="$(MSBuildThisFileDirectory)zzEquipment.cpp">
      <Filter>GameObject\Equipment\Base</Filter>
    </ClCompile>
    <ClCompile Include="$(MSBuildThisFileDirectory)zzCollisionManger.cpp">
      <Filter>Manager\CollisionManager</Filter>
    </ClCompile>
    <ClCompile Include="$(MSBuildThisFileDirectory)zzCollider.cpp">
      <Filter>Component\Collider</Filter>
    </ClCompile>
    <ClCompile Include="$(MSBuildThisFileDirectory)zzUI.cpp">
      <Filter>UI\Base</Filter>
    </ClCompile>
    <ClCompile Include="$(MSBuildThisFileDirectory)zzCamera.cpp">
      <Filter>Component\Camera\Base</Filter>
    </ClCompile>
    <ClCompile Include="$(MSBuildThisFileDirectory)zzMainCamera.cpp">
      <Filter>Component\Camera\MainCamera</Filter>
    </ClCompile>
    <ClCompile Include="$(MSBuildThisFileDirectory)zzUICamera.cpp">
      <Filter>Component\Camera\UICamera</Filter>
    </ClCompile>
    <ClCompile Include="$(MSBuildThisFileDirectory)zzMouse.cpp">
      <Filter>UI\Mouse</Filter>
    </ClCompile>
    <ClCompile Include="$(MSBuildThisFileDirectory)zzItemTexture.cpp">
      <Filter>UI\Inventory\ItemTexture</Filter>
    </ClCompile>
    <ClCompile Include="$(MSBuildThisFileDirectory)zzBoltWand_0997.cpp">
      <Filter>GameObject\Equipment\Wand\BoltWand0997</Filter>
    </ClCompile>
    <ClCompile Include="$(MSBuildThisFileDirectory)zzItemTextureHighlight.cpp">
      <Filter>UI\ItemTextureHighlight</Filter>
    </ClCompile>
    <ClCompile Include="$(MSBuildThisFileDirectory)zzSpell.cpp">
      <Filter>GameObject\Spell\Base</Filter>
    </ClCompile>
    <ClCompile Include="$(MSBuildThisFileDirectory)zzProjectileSpell.cpp">
      <Filter>GameObject\Spell\Projectile\Base</Filter>
    </ClCompile>
    <ClCompile Include="$(MSBuildThisFileDirectory)zzSparkBolt.cpp">
      <Filter>GameObject\Spell\Projectile\SparkBolt</Filter>
    </ClCompile>
    <ClCompile Include="$(MSBuildThisFileDirectory)zzEventManager.cpp">
      <Filter>Manager\EventManager</Filter>
    </ClCompile>
    <ClCompile Include="$(MSBuildThisFileDirectory)function.cpp">
      <Filter>Common\Header</Filter>
    </ClCompile>
    <ClCompile Include="$(MSBuildThisFileDirectory)zzInfoBox.cpp">
      <Filter>UI\Inventory\InfoBox</Filter>
    </ClCompile>
    <ClCompile Include="$(MSBuildThisFileDirectory)zzInfoBoxTexture.cpp">
      <Filter>UI\Inventory\InfoBox\InfoBoxTexture</Filter>
    </ClCompile>
    <ClCompile Include="$(MSBuildThisFileDirectory)zzStructedBuffer.cpp">
      <Filter>Graphics\StructedBuffer</Filter>
    </ClCompile>
    <ClCompile Include="$(MSBuildThisFileDirectory)zzParticleSystem.cpp">
      <Filter>Component\ParticleSystem</Filter>
    </ClCompile>
    <ClCompile Include="$(MSBuildThisFileDirectory)zzComputeShader.cpp">
      <Filter>Resource\ComputeShader</Filter>
    </ClCompile>
    <ClCompile Include="$(MSBuildThisFileDirectory)zzParticleShader.cpp">
      <Filter>Resource\ComputeShader\ParticleShader</Filter>
    </ClCompile>
    <ClCompile Include="$(MSBuildThisFileDirectory)zzExplosion_128.cpp">
      <Filter>GameObject\Effect\Explosion</Filter>
    </ClCompile>
    <ClCompile Include="$(MSBuildThisFileDirectory)zzSmoke_Orange.cpp">
      <Filter>GameObject\Effect\Smoke_Orange</Filter>
    </ClCompile>
    <ClCompile Include="$(MSBuildThisFileDirectory)zzRigidBody.cpp">
      <Filter>Component\RigidBody</Filter>
    </ClCompile>
    <ClCompile Include="$(MSBuildThisFileDirectory)zzObjectPoolManager.cpp">
      <Filter>Manager\ObjectPoolManager</Filter>
    </ClCompile>
    <ClCompile Include="$(MSBuildThisFileDirectory)zzShotGunner_Weak.cpp">
      <Filter>GameObject\Monster\ShotGunner_Weak</Filter>
    </ClCompile>
    <ClCompile Include="$(MSBuildThisFileDirectory)zzPixelCollider.cpp">
      <Filter>Component\PixelCollider</Filter>
    </ClCompile>
    <ClCompile Include="$(MSBuildThisFileDirectory)zzLevitation.cpp">
      <Filter>Component\Levitation</Filter>
    </ClCompile>
    <ClCompile Include="$(MSBuildThisFileDirectory)zzExplosionEffect.cpp">
      <Filter>GameObject\Effect\ExplosionEffect</Filter>
    </ClCompile>
    <ClCompile Include="$(MSBuildThisFileDirectory)zzPixelCollider_Lite.cpp">
      <Filter>Component\PixelCollider_Lite</Filter>
    </ClCompile>
    <ClCompile Include="$(MSBuildThisFileDirectory)zzLight.cpp">
      <Filter>Component\Light</Filter>
    </ClCompile>
    <ClCompile Include="$(MSBuildThisFileDirectory)zzDetectPlayer.cpp">
      <Filter>Component\DetectPlayer</Filter>
    </ClCompile>
    <ClCompile Include="$(MSBuildThisFileDirectory)zzSpellUI.cpp">
      <Filter>UI\SpellUI\Base</Filter>
    </ClCompile>
    <ClCompile Include="$(MSBuildThisFileDirectory)zzLightBullet.cpp">
      <Filter>UI\SpellUI\LightBullet</Filter>
    </ClCompile>
    <ClCompile Include="$(MSBuildThisFileDirectory)zzSpellSlot.cpp">
      <Filter>UI\Inventory\SpellSlot</Filter>
    </ClCompile>
    <ClCompile Include="$(MSBuildThisFileDirectory)zzItemSlot.cpp">
      <Filter>UI\Inventory\ItemSlot</Filter>
    </ClCompile>
    <ClCompile Include="$(MSBuildThisFileDirectory)zzUtilitySpell.cpp">
      <Filter>GameObject\Spell\Utility\Base</Filter>
    </ClCompile>
    <ClCompile Include="$(MSBuildThisFileDirectory)zzModifierSpell.cpp">
      <Filter>GameObject\Spell\Utility\Modifier\Base</Filter>
    </ClCompile>
    <ClCompile Include="$(MSBuildThisFileDirectory)zzSpeedUp.cpp">
      <Filter>GameObject\Spell\Utility\Modifier\SpeedUp</Filter>
    </ClCompile>
    <ClCompile Include="$(MSBuildThisFileDirectory)zzSpeedUp_UI.cpp">
      <Filter>UI\SpellUI\SpeedUp</Filter>
    </ClCompile>
    <ClCompile Include="$(MSBuildThisFileDirectory)zzHealth.cpp">
      <Filter>UI\HUD\Health</Filter>
    </ClCompile>
    <ClCompile Include="$(MSBuildThisFileDirectory)zzBarBackGround.cpp">
      <Filter>UI\HUD\BarBackGround</Filter>
    </ClCompile>
    <ClCompile Include="$(MSBuildThisFileDirectory)zzHUD_Icon.cpp">
      <Filter>UI\HUD\Icon</Filter>
    </ClCompile>
    <ClCompile Include="$(MSBuildThisFileDirectory)zzLevitationEnerge.cpp">
      <Filter>UI\HUD\LevitationEnerge</Filter>
    </ClCompile>
    <ClCompile Include="$(MSBuildThisFileDirectory)zzWandMana.cpp">
      <Filter>UI\HUD\WandMana</Filter>
    </ClCompile>
    <ClCompile Include="$(MSBuildThisFileDirectory)zzPixelGrid.cpp">
      <Filter>Etc</Filter>
    </ClCompile>
    <ClCompile Include="$(MSBuildThisFileDirectory)zzThreadPool.cpp">
      <Filter>Etc</Filter>
    </ClCompile>
    <ClCompile Include="$(MSBuildThisFileDirectory)zzWrite.cpp" />
    <ClCompile Include="$(MSBuildThisFileDirectory)zzTextBox.cpp">
      <Filter>UI\Inventory\TextBox</Filter>
    </ClCompile>
    <ClCompile Include="$(MSBuildThisFileDirectory)zzTextObject.cpp">
      <Filter>GameObject\TextObject</Filter>
    </ClCompile>
    <ClCompile Include="$(MSBuildThisFileDirectory)zzWandRecharge.cpp">
      <Filter>UI\HUD\WandRecharge</Filter>
    </ClCompile>
    <ClCompile Include="$(MSBuildThisFileDirectory)zzMuzzleEffect.cpp">
      <Filter>GameObject\Effect\MuzzleEffect</Filter>
    </ClCompile>
    <ClCompile Include="$(MSBuildThisFileDirectory)zzBullet.cpp">
      <Filter>UI\SpellUI\Bullet</Filter>
    </ClCompile>
    <ClCompile Include="$(MSBuildThisFileDirectory)zzMagicArrow.cpp">
      <Filter>GameObject\Spell\Projectile\MagicArrow</Filter>
    </ClCompile>
    <ClCompile Include="$(MSBuildThisFileDirectory)zzWaterTrail_UI.cpp">
      <Filter>UI\SpellUI\WaterTrail</Filter>
    </ClCompile>
    <ClCompile Include="$(MSBuildThisFileDirectory)zzWaterTrail.cpp">
      <Filter>GameObject\Spell\Utility\Modifier\WaterTrail</Filter>
    </ClCompile>
    <ClCompile Include="$(MSBuildThisFileDirectory)zzBox2dCollider.cpp">
      <Filter>Component\Box2dCollider</Filter>
    </ClCompile>
    <ClCompile Include="$(MSBuildThisFileDirectory)zzBomb_UI.cpp">
      <Filter>UI\SpellUI\Bomb</Filter>
    </ClCompile>
    <ClCompile Include="$(MSBuildThisFileDirectory)zzBomb.cpp">
      <Filter>GameObject\Spell\Projectile\Bomb</Filter>
    </ClCompile>
    <ClCompile Include="$(MSBuildThisFileDirectory)zzPlayScene.cpp">
      <Filter>Scene\Scene\PlayScene</Filter>
    </ClCompile>
    <ClCompile Include="$(MSBuildThisFileDirectory)zzOpeningScene.cpp">
      <Filter>Scene\Scene\OpeninigScene</Filter>
    </ClCompile>
    <ClCompile Include="$(MSBuildThisFileDirectory)zzVegetation.cpp">
      <Filter>GameObject\Vegetation</Filter>
    </ClCompile>
    <ClCompile Include="$(MSBuildThisFileDirectory)zzTeleport.cpp">
      <Filter>GameObject\Teleport</Filter>
    </ClCompile>
    <ClCompile Include="$(MSBuildThisFileDirectory)zztScene.cpp">
      <Filter>Scene\Scene</Filter>
    </ClCompile>
    <ClCompile Include="$(MSBuildThisFileDirectory)zzMonsterAttack.cpp">
      <Filter>GameObject\MonsterAttack\Base</Filter>
    </ClCompile>
    <ClCompile Include="$(MSBuildThisFileDirectory)zzHealthPoint.cpp">
      <Filter>Component\HealthPoint</Filter>
    </ClCompile>
    <ClCompile Include="$(MSBuildThisFileDirectory)zzFireBall_Small.cpp">
      <Filter>GameObject\MonsterAttack\FireBall_Small</Filter>
    </ClCompile>
    <ClCompile Include="$(MSBuildThisFileDirectory)zzLimbKnee.cpp">
      <Filter>GameObject\Centipede\Limp\LimbKnee</Filter>
    </ClCompile>
    <ClCompile Include="$(MSBuildThisFileDirectory)zzLimbB.cpp">
      <Filter>GameObject\Centipede\Limp\LimbB</Filter>
    </ClCompile>
    <ClCompile Include="$(MSBuildThisFileDirectory)zzLimbA.cpp">
      <Filter>GameObject\Centipede\Limp\LimbA</Filter>
    </ClCompile>
    <ClCompile Include="$(MSBuildThisFileDirectory)zzCentipede.cpp">
      <Filter>GameObject\Centipede\Body</Filter>
    </ClCompile>
    <ClCompile Include="$(MSBuildThisFileDirectory)zzTail1.cpp">
      <Filter>GameObject\Centipede\Tail\Tail1</Filter>
    </ClCompile>
    <ClCompile Include="$(MSBuildThisFileDirectory)zzTail2.cpp">
      <Filter>GameObject\Centipede\Tail\Tail2</Filter>
    </ClCompile>
    <ClCompile Include="$(MSBuildThisFileDirectory)zzOrbPink.cpp">
      <Filter>GameObject\Centipede\Attack\OrbPink</Filter>
    </ClCompile>
    <ClCompile Include="$(MSBuildThisFileDirectory)zzGrenade.cpp">
      <Filter>GameObject\Centipede\Attack\Grenade</Filter>
    </ClCompile>
    <ClCompile Include="$(MSBuildThisFileDirectory)zzCentipedeParticle.cpp">
      <Filter>GameObject\Centipede\Attack\CentipedeParticle</Filter>
    </ClCompile>
    <ClCompile Include="$(MSBuildThisFileDirectory)zzBloomManager.cpp">
      <Filter>Manager\BloomManager</Filter>
    </ClCompile>
    <ClCompile Include="$(MSBuildThisFileDirectory)zzTexture2D.cpp">
      <Filter>Graphics\Texture2D</Filter>
    </ClCompile>
    <ClCompile Include="$(MSBuildThisFileDirectory)zzOrbBlue.cpp">
      <Filter>GameObject\Centipede\Attack\OrbBlue</Filter>
    </ClCompile>
    <ClCompile Include="$(MSBuildThisFileDirectory)zzBossArenaScene.cpp">
      <Filter>Scene\Scene\BossArena</Filter>
    </ClCompile>
    <ClCompile Include="$(MSBuildThisFileDirectory)zzAudioClip.cpp">
      <Filter>Audio</Filter>
    </ClCompile>
    <ClCompile Include="$(MSBuildThisFileDirectory)zzAudioListener.cpp">
      <Filter>Audio</Filter>
    </ClCompile>
    <ClCompile Include="$(MSBuildThisFileDirectory)zzAudioSource.cpp">
      <Filter>Audio</Filter>
    </ClCompile>
    <ClCompile Include="$(MSBuildThisFileDirectory)zzFmod.cpp">
      <Filter>Audio</Filter>
    </ClCompile>
    <ClCompile Include="$(MSBuildThisFileDirectory)zzMegalaser.cpp">
      <Filter>GameObject\Spell\Projectile\Megalaser</Filter>
    </ClCompile>
    <ClCompile Include="$(MSBuildThisFileDirectory)zzMegalaserUI.cpp">
      <Filter>UI\SpellUI\Megalaser</Filter>
    </ClCompile>
    <ClCompile Include="$(MSBuildThisFileDirectory)zzMegalaserProj.cpp">
      <Filter>GameObject\Spell\Projectile\Megalaser\Child</Filter>
    </ClCompile>
    <ClCompile Include="$(MSBuildThisFileDirectory)zzPlayerView.cpp">
      <Filter>GameObject\Player\PlayerView</Filter>
    </ClCompile>
    <ClCompile Include="$(MSBuildThisFileDirectory)zzDrill.cpp">
      <Filter>UI\SpellUI\Luminous_drill</Filter>
    </ClCompile>
    <ClCompile Include="$(MSBuildThisFileDirectory)zzLuminous_drill.cpp">
      <Filter>GameObject\Spell\Projectile\Luminous_drill</Filter>
    </ClCompile>
    <ClCompile Include="$(MSBuildThisFileDirectory)zzRubber_ball.cpp">
      <Filter>UI\SpellUI\Rubber_ball</Filter>
    </ClCompile>
    <ClCompile Include="$(MSBuildThisFileDirectory)zzBouncingBurst.cpp">
      <Filter>GameObject\Spell\Projectile\BouncingBurst</Filter>
    </ClCompile>
    <ClCompile Include="$(MSBuildThisFileDirectory)zzZombie_weak.cpp">
      <Filter>GameObject\Monster\Zombie_weak</Filter>
    </ClCompile>
    <ClCompile Include="$(MSBuildThisFileDirectory)zzEndScene.cpp">
      <Filter>Scene\Scene\EndScene</Filter>
    </ClCompile>
    <ClCompile Include="$(MSBuildThisFileDirectory)zzEndingEffect.cpp">
      <Filter>GameObject\Effect\EndingEffect</Filter>
    </ClCompile>
    <ClCompile Include="$(MSBuildThisFileDirectory)zzEndingView.cpp">
      <Filter>GameObject\Effect\EndingEffect</Filter>
    </ClCompile>
    <ClCompile Include="$(MSBuildThisFileDirectory)zzRedTeleport.cpp">
      <Filter>GameObject\Teleport\RedTeleport</Filter>
    </ClCompile>
  </ItemGroup>
  <ItemGroup>
    <ClInclude Include="$(MSBuildThisFileDirectory)zzEntity.h">
      <Filter>Common\Entity</Filter>
    </ClInclude>
    <ClInclude Include="$(MSBuildThisFileDirectory)zzApplication.h">
      <Filter>Application</Filter>
    </ClInclude>
    <ClInclude Include="$(MSBuildThisFileDirectory)zzInput.h">
      <Filter>Manager\Input</Filter>
    </ClInclude>
    <ClInclude Include="$(MSBuildThisFileDirectory)zzMath.h">
      <Filter>Common\Math</Filter>
    </ClInclude>
    <ClInclude Include="$(MSBuildThisFileDirectory)zzTime.h">
      <Filter>Manager\Time</Filter>
    </ClInclude>
    <ClInclude Include="$(MSBuildThisFileDirectory)CommonInclude.h">
      <Filter>Common\Header</Filter>
    </ClInclude>
    <ClInclude Include="$(MSBuildThisFileDirectory)zzEngine.h">
      <Filter>Common\Header</Filter>
    </ClInclude>
    <ClInclude Include="$(MSBuildThisFileDirectory)zzEnum.h">
      <Filter>Common\Header</Filter>
    </ClInclude>
    <ClInclude Include="$(MSBuildThisFileDirectory)zzGraphics.h">
      <Filter>Graphics</Filter>
    </ClInclude>
    <ClInclude Include="$(MSBuildThisFileDirectory)zzMath.inl">
      <Filter>Common\Math</Filter>
    </ClInclude>
    <ClInclude Include="$(MSBuildThisFileDirectory)define.h">
      <Filter>Common\Header</Filter>
    </ClInclude>
    <ClInclude Include="$(MSBuildThisFileDirectory)zzGraphicsDevice.h">
      <Filter>Graphics\Device</Filter>
    </ClInclude>
    <ClInclude Include="$(MSBuildThisFileDirectory)zzRenderer.h">
      <Filter>Graphics\Renderer</Filter>
    </ClInclude>
    <ClInclude Include="$(MSBuildThisFileDirectory)zzMesh.h">
      <Filter>Resource\Mesh</Filter>
    </ClInclude>
    <ClInclude Include="$(MSBuildThisFileDirectory)zzConstantBuffer.h">
      <Filter>Graphics\ConstantBuffer</Filter>
    </ClInclude>
    <ClInclude Include="$(MSBuildThisFileDirectory)zzSceneManager.h">
      <Filter>Manager\SceneManager</Filter>
    </ClInclude>
    <ClInclude Include="$(MSBuildThisFileDirectory)zzLayer.h">
      <Filter>Scene\Layer</Filter>
    </ClInclude>
    <ClInclude Include="$(MSBuildThisFileDirectory)zzComponent.h">
      <Filter>Component\Base</Filter>
    </ClInclude>
    <ClInclude Include="$(MSBuildThisFileDirectory)zzScene.h">
      <Filter>Scene\Scene\Base</Filter>
    </ClInclude>
    <ClInclude Include="$(MSBuildThisFileDirectory)zzGameObject.h">
      <Filter>GameObject\Base</Filter>
    </ClInclude>
    <ClInclude Include="$(MSBuildThisFileDirectory)zzTransform.h">
      <Filter>Component\Transform</Filter>
    </ClInclude>
    <ClInclude Include="$(MSBuildThisFileDirectory)zzMeshRenderer.h">
      <Filter>Component\MeshRenderer</Filter>
    </ClInclude>
    <ClInclude Include="$(MSBuildThisFileDirectory)zzResourceManager.h">
      <Filter>Manager\ResourceManager</Filter>
    </ClInclude>
    <ClInclude Include="$(MSBuildThisFileDirectory)zzResource.h">
      <Filter>Resource\Base</Filter>
    </ClInclude>
    <ClInclude Include="$(MSBuildThisFileDirectory)zzTexture.h">
      <Filter>Resource\Texture</Filter>
    </ClInclude>
    <ClInclude Include="$(MSBuildThisFileDirectory)zzShader.h">
      <Filter>Resource\Shader</Filter>
    </ClInclude>
    <ClInclude Include="$(MSBuildThisFileDirectory)zzMaterial.h">
      <Filter>Resource\Material</Filter>
    </ClInclude>
    <ClInclude Include="$(MSBuildThisFileDirectory)zzScript.h">
      <Filter>Component\Transform\Script</Filter>
    </ClInclude>
    <ClInclude Include="$(MSBuildThisFileDirectory)zzSand.h">
      <Filter>Element\Solid\Movable\Sand</Filter>
    </ClInclude>
    <ClInclude Include="$(MSBuildThisFileDirectory)zzChunk.h">
      <Filter>Element</Filter>
    </ClInclude>
    <ClInclude Include="$(MSBuildThisFileDirectory)zzCameraScript.h">
      <Filter>Component\Transform\Script</Filter>
    </ClInclude>
    <ClInclude Include="$(MSBuildThisFileDirectory)zzBGScript.h">
      <Filter>Component\Transform\Script</Filter>
    </ClInclude>
    <ClInclude Include="$(MSBuildThisFileDirectory)zzWater.h">
      <Filter>Element\Liquid\Water</Filter>
    </ClInclude>
    <ClInclude Include="$(MSBuildThisFileDirectory)zzLiquid.h">
      <Filter>Element\Liquid\Base</Filter>
    </ClInclude>
    <ClInclude Include="$(MSBuildThisFileDirectory)zzRock.h">
      <Filter>Element\Solid\Immovable\Rock</Filter>
    </ClInclude>
    <ClInclude Include="$(MSBuildThisFileDirectory)zzPosition.h">
      <Filter>Common\Header</Filter>
    </ClInclude>
    <ClInclude Include="$(MSBuildThisFileDirectory)function.h">
      <Filter>Common\Header</Filter>
    </ClInclude>
    <ClInclude Include="$(MSBuildThisFileDirectory)zzOil.h">
      <Filter>Element\Liquid\Oil</Filter>
    </ClInclude>
    <ClInclude Include="$(MSBuildThisFileDirectory)zzSolid.h">
      <Filter>Element\Solid\Base</Filter>
    </ClInclude>
    <ClInclude Include="$(MSBuildThisFileDirectory)zzMovableSolid.h">
      <Filter>Element\Solid\Movable\Base</Filter>
    </ClInclude>
    <ClInclude Include="$(MSBuildThisFileDirectory)zzImmovableSolid.h">
      <Filter>Element\Solid\Immovable\Base</Filter>
    </ClInclude>
    <ClInclude Include="$(MSBuildThisFileDirectory)zzElementColor.h">
      <Filter>Element\Color</Filter>
    </ClInclude>
    <ClInclude Include="$(MSBuildThisFileDirectory)zzEmptyElement.h">
      <Filter>Element\Empty</Filter>
    </ClInclude>
    <ClInclude Include="$(MSBuildThisFileDirectory)zzGas.h">
      <Filter>Element\Gas\Base</Filter>
    </ClInclude>
    <ClInclude Include="$(MSBuildThisFileDirectory)zzSpark.h">
      <Filter>Element\Gas\Spark</Filter>
    </ClInclude>
    <ClInclude Include="$(MSBuildThisFileDirectory)zzSmoke.h">
      <Filter>Element\Gas\Smoke</Filter>
    </ClInclude>
    <ClInclude Include="$(MSBuildThisFileDirectory)zzPixelWorld.h">
      <Filter>PixelWorld</Filter>
    </ClInclude>
    <ClInclude Include="$(MSBuildThisFileDirectory)zzPixelChunk.h">
      <Filter>PixelWorld</Filter>
    </ClInclude>
    <ClInclude Include="$(MSBuildThisFileDirectory)zzPixelChunkMap.h">
      <Filter>PixelWorld</Filter>
    </ClInclude>
    <ClInclude Include="$(MSBuildThisFileDirectory)zzElement.h">
      <Filter>PixelWorld</Filter>
    </ClInclude>
    <ClInclude Include="$(MSBuildThisFileDirectory)zzAnimator.h">
      <Filter>Component\Animator</Filter>
    </ClInclude>
    <ClInclude Include="$(MSBuildThisFileDirectory)zzAnimation.h">
      <Filter>Resource\Animation</Filter>
    </ClInclude>
    <ClInclude Include="$(MSBuildThisFileDirectory)zzPlayerScript.h">
      <Filter>Component\Transform\Script\Player</Filter>
    </ClInclude>
    <ClInclude Include="$(MSBuildThisFileDirectory)zzBox2dWorld.h">
      <Filter>Box2dWorld</Filter>
    </ClInclude>
    <ClInclude Include="$(MSBuildThisFileDirectory)zzPlayerArmScript.h">
      <Filter>Component\Transform\Script\Player</Filter>
    </ClInclude>
    <ClInclude Include="$(MSBuildThisFileDirectory)zzWandScript.h">
      <Filter>Component\Transform\Script\Wand</Filter>
    </ClInclude>
    <ClInclude Include="$(MSBuildThisFileDirectory)zzCursorScript.h">
      <Filter>Component\Transform\Script</Filter>
    </ClInclude>
    <ClInclude Include="$(MSBuildThisFileDirectory)zzInventoryBG.h">
      <Filter>UI\Inventory</Filter>
    </ClInclude>
    <ClInclude Include="$(MSBuildThisFileDirectory)zzUIManager.h">
      <Filter>Manager\UIManager</Filter>
    </ClInclude>
    <ClInclude Include="$(MSBuildThisFileDirectory)zzWand.h">
      <Filter>GameObject\Equipment\Wand\Base</Filter>
    </ClInclude>
    <ClInclude Include="$(MSBuildThisFileDirectory)zzBlastWand_0585.h">
      <Filter>GameObject\Equipment\Wand\BlastWand0585</Filter>
    </ClInclude>
    <ClInclude Include="$(MSBuildThisFileDirectory)zzPlayer.h">
      <Filter>GameObject\Player\PlayerBody</Filter>
    </ClInclude>
    <ClInclude Include="$(MSBuildThisFileDirectory)zzPlayerArm.h">
      <Filter>GameObject\Player\PlayerArm</Filter>
    </ClInclude>
    <ClInclude Include="$(MSBuildThisFileDirectory)zzEquipment.h">
      <Filter>GameObject\Equipment\Base</Filter>
    </ClInclude>
    <ClInclude Include="$(MSBuildThisFileDirectory)zzCollisionManger.h">
      <Filter>Manager\CollisionManager</Filter>
    </ClInclude>
    <ClInclude Include="$(MSBuildThisFileDirectory)zzCollider.h">
      <Filter>Component\Collider</Filter>
    </ClInclude>
    <ClInclude Include="$(MSBuildThisFileDirectory)zzUI.h">
      <Filter>UI\Base</Filter>
    </ClInclude>
    <ClInclude Include="$(MSBuildThisFileDirectory)zzCamera.h">
      <Filter>Component\Camera\Base</Filter>
    </ClInclude>
    <ClInclude Include="$(MSBuildThisFileDirectory)zzMainCamera.h">
      <Filter>Component\Camera\MainCamera</Filter>
    </ClInclude>
    <ClInclude Include="$(MSBuildThisFileDirectory)zzUICamera.h">
      <Filter>Component\Camera\UICamera</Filter>
    </ClInclude>
    <ClInclude Include="$(MSBuildThisFileDirectory)zzMouse.h">
      <Filter>UI\Mouse</Filter>
    </ClInclude>
    <ClInclude Include="$(MSBuildThisFileDirectory)zzItemTexture.h">
      <Filter>UI\Inventory\ItemTexture</Filter>
    </ClInclude>
    <ClInclude Include="$(MSBuildThisFileDirectory)zzBoltWand_0997.h">
      <Filter>GameObject\Equipment\Wand\BoltWand0997</Filter>
    </ClInclude>
    <ClInclude Include="$(MSBuildThisFileDirectory)zzItemTextureHighlight.h">
      <Filter>UI\ItemTextureHighlight</Filter>
    </ClInclude>
    <ClInclude Include="$(MSBuildThisFileDirectory)zzSpell.h">
      <Filter>GameObject\Spell\Base</Filter>
    </ClInclude>
    <ClInclude Include="$(MSBuildThisFileDirectory)zzProjectileSpell.h">
      <Filter>GameObject\Spell\Projectile\Base</Filter>
    </ClInclude>
    <ClInclude Include="$(MSBuildThisFileDirectory)zzSparkBolt.h">
      <Filter>GameObject\Spell\Projectile\SparkBolt</Filter>
    </ClInclude>
    <ClInclude Include="$(MSBuildThisFileDirectory)zzEventManager.h">
      <Filter>Manager\EventManager</Filter>
    </ClInclude>
    <ClInclude Include="$(MSBuildThisFileDirectory)zzInfoBox.h">
      <Filter>UI\Inventory\InfoBox</Filter>
    </ClInclude>
    <ClInclude Include="$(MSBuildThisFileDirectory)zzInfoBoxTexture.h">
      <Filter>UI\Inventory\InfoBox\InfoBoxTexture</Filter>
    </ClInclude>
    <ClInclude Include="$(MSBuildThisFileDirectory)zzStructedBuffer.h">
      <Filter>Graphics\StructedBuffer</Filter>
    </ClInclude>
    <ClInclude Include="$(MSBuildThisFileDirectory)zzParticleSystem.h">
      <Filter>Component\ParticleSystem</Filter>
    </ClInclude>
    <ClInclude Include="$(MSBuildThisFileDirectory)zzComputeShader.h">
      <Filter>Resource\ComputeShader</Filter>
    </ClInclude>
    <ClInclude Include="$(MSBuildThisFileDirectory)zzParticleShader.h">
      <Filter>Resource\ComputeShader\ParticleShader</Filter>
    </ClInclude>
    <ClInclude Include="$(MSBuildThisFileDirectory)zzExplosion_128.h">
      <Filter>GameObject\Effect\Explosion</Filter>
    </ClInclude>
    <ClInclude Include="$(MSBuildThisFileDirectory)zzSmoke_Orange.h">
      <Filter>GameObject\Effect\Smoke_Orange</Filter>
    </ClInclude>
    <ClInclude Include="$(MSBuildThisFileDirectory)zzRigidBody.h">
      <Filter>Component\RigidBody</Filter>
    </ClInclude>
    <ClInclude Include="$(MSBuildThisFileDirectory)zzObjectPoolManager.h">
      <Filter>Manager\ObjectPoolManager</Filter>
    </ClInclude>
    <ClInclude Include="$(MSBuildThisFileDirectory)zzPixelCollider.h">
      <Filter>Component\PixelCollider</Filter>
    </ClInclude>
    <ClInclude Include="$(MSBuildThisFileDirectory)zzLevitation.h">
      <Filter>Component\Levitation</Filter>
    </ClInclude>
    <ClInclude Include="$(MSBuildThisFileDirectory)zzExplosionEffect.h">
      <Filter>GameObject\Effect\ExplosionEffect</Filter>
    </ClInclude>
    <ClInclude Include="$(MSBuildThisFileDirectory)zzPixelCollider_Lite.h">
      <Filter>Component\PixelCollider_Lite</Filter>
    </ClInclude>
    <ClInclude Include="$(MSBuildThisFileDirectory)zzLight.h">
      <Filter>Component\Light</Filter>
    </ClInclude>
    <ClInclude Include="$(MSBuildThisFileDirectory)zzDetectPlayer.h">
      <Filter>Component\DetectPlayer</Filter>
    </ClInclude>
    <ClInclude Include="$(MSBuildThisFileDirectory)zzSpellUI.h">
      <Filter>UI\SpellUI\Base</Filter>
    </ClInclude>
    <ClInclude Include="$(MSBuildThisFileDirectory)zzLightBullet.h">
      <Filter>UI\SpellUI\LightBullet</Filter>
    </ClInclude>
    <ClInclude Include="$(MSBuildThisFileDirectory)zzSpellSlot.h">
      <Filter>UI\Inventory\SpellSlot</Filter>
    </ClInclude>
    <ClInclude Include="$(MSBuildThisFileDirectory)zzItemSlot.h">
      <Filter>UI\Inventory\ItemSlot</Filter>
    </ClInclude>
    <ClInclude Include="$(MSBuildThisFileDirectory)zzUtilitySpell.h">
      <Filter>GameObject\Spell\Utility\Base</Filter>
    </ClInclude>
    <ClInclude Include="$(MSBuildThisFileDirectory)zzModifierSpell.h">
      <Filter>GameObject\Spell\Utility\Modifier\Base</Filter>
    </ClInclude>
    <ClInclude Include="$(MSBuildThisFileDirectory)zzSpeedUp.h">
      <Filter>GameObject\Spell\Utility\Modifier\SpeedUp</Filter>
    </ClInclude>
    <ClInclude Include="$(MSBuildThisFileDirectory)zzSpeedUp_UI.h">
      <Filter>UI\SpellUI\SpeedUp</Filter>
    </ClInclude>
    <ClInclude Include="$(MSBuildThisFileDirectory)zzHealth.h">
      <Filter>UI\HUD\Health</Filter>
    </ClInclude>
    <ClInclude Include="$(MSBuildThisFileDirectory)zzBarBackGround.h">
      <Filter>UI\HUD\BarBackGround</Filter>
    </ClInclude>
    <ClInclude Include="$(MSBuildThisFileDirectory)zzHUD_Icon.h">
      <Filter>UI\HUD\Icon</Filter>
    </ClInclude>
    <ClInclude Include="$(MSBuildThisFileDirectory)zzLevitationEnerge.h">
      <Filter>UI\HUD\LevitationEnerge</Filter>
    </ClInclude>
    <ClInclude Include="$(MSBuildThisFileDirectory)zzWandMana.h">
      <Filter>UI\HUD\WandMana</Filter>
    </ClInclude>
    <ClInclude Include="$(MSBuildThisFileDirectory)zzPixelGrid.h">
      <Filter>Etc</Filter>
    </ClInclude>
    <ClInclude Include="$(MSBuildThisFileDirectory)zzWrite.h" />
    <ClInclude Include="$(MSBuildThisFileDirectory)zzTextBox.h">
      <Filter>UI\Inventory\TextBox</Filter>
    </ClInclude>
    <ClInclude Include="$(MSBuildThisFileDirectory)zzTextObject.h">
      <Filter>GameObject\TextObject</Filter>
    </ClInclude>
    <ClInclude Include="$(MSBuildThisFileDirectory)zzWandRecharge.h">
      <Filter>UI\HUD\WandRecharge</Filter>
    </ClInclude>
    <ClInclude Include="$(MSBuildThisFileDirectory)zzMuzzleEffect.h">
      <Filter>GameObject\Effect\MuzzleEffect</Filter>
    </ClInclude>
    <ClInclude Include="$(MSBuildThisFileDirectory)zzBullet.h">
      <Filter>UI\SpellUI\Bullet</Filter>
    </ClInclude>
    <ClInclude Include="$(MSBuildThisFileDirectory)zzMagicArrow.h">
      <Filter>GameObject\Spell\Projectile\MagicArrow</Filter>
    </ClInclude>
    <ClInclude Include="$(MSBuildThisFileDirectory)zzWaterTrail_UI.h">
      <Filter>UI\SpellUI\WaterTrail</Filter>
    </ClInclude>
    <ClInclude Include="$(MSBuildThisFileDirectory)zzWaterTrail.h">
      <Filter>GameObject\Spell\Utility\Modifier\WaterTrail</Filter>
    </ClInclude>
    <ClInclude Include="$(MSBuildThisFileDirectory)zzBox2dCollider.h">
      <Filter>Component\Box2dCollider</Filter>
    </ClInclude>
    <ClInclude Include="$(MSBuildThisFileDirectory)zzBomb_UI.h">
      <Filter>UI\SpellUI\Bomb</Filter>
    </ClInclude>
    <ClInclude Include="$(MSBuildThisFileDirectory)zzBomb.h">
      <Filter>GameObject\Spell\Projectile\Bomb</Filter>
    </ClInclude>
    <ClInclude Include="$(MSBuildThisFileDirectory)zzPlayScene.h">
      <Filter>Scene\Scene\PlayScene</Filter>
    </ClInclude>
    <ClInclude Include="$(MSBuildThisFileDirectory)zzOpeningScene.h">
      <Filter>Scene\Scene\OpeninigScene</Filter>
    </ClInclude>
    <ClInclude Include="$(MSBuildThisFileDirectory)zzVegetation.h">
      <Filter>GameObject\Vegetation</Filter>
    </ClInclude>
    <ClInclude Include="$(MSBuildThisFileDirectory)zzTeleport.h">
      <Filter>GameObject\Teleport</Filter>
    </ClInclude>
    <ClInclude Include="$(MSBuildThisFileDirectory)zztScene.h">
      <Filter>Scene\Scene</Filter>
    </ClInclude>
    <ClInclude Include="$(MSBuildThisFileDirectory)zzMonsterAttack.h">
      <Filter>GameObject\MonsterAttack\Base</Filter>
    </ClInclude>
    <ClInclude Include="$(MSBuildThisFileDirectory)zzHealthPoint.h">
      <Filter>Component\HealthPoint</Filter>
    </ClInclude>
    <ClInclude Include="$(MSBuildThisFileDirectory)zzFireBall_Small.h">
      <Filter>GameObject\MonsterAttack\FireBall_Small</Filter>
    </ClInclude>
    <ClInclude Include="$(MSBuildThisFileDirectory)zzLimbKnee.h">
      <Filter>GameObject\Centipede\Limp\LimbKnee</Filter>
    </ClInclude>
    <ClInclude Include="$(MSBuildThisFileDirectory)zzLimbB.h">
      <Filter>GameObject\Centipede\Limp\LimbB</Filter>
    </ClInclude>
    <ClInclude Include="$(MSBuildThisFileDirectory)zzLimbA.h">
      <Filter>GameObject\Centipede\Limp\LimbA</Filter>
    </ClInclude>
    <ClInclude Include="$(MSBuildThisFileDirectory)zzCentipede.h">
      <Filter>GameObject\Centipede\Body</Filter>
    </ClInclude>
    <ClInclude Include="$(MSBuildThisFileDirectory)zzShotGunner_Weak.h">
      <Filter>GameObject\Monster\ShotGunner_Weak</Filter>
    </ClInclude>
    <ClInclude Include="$(MSBuildThisFileDirectory)zzTail1.h">
      <Filter>GameObject\Centipede\Tail\Tail1</Filter>
    </ClInclude>
    <ClInclude Include="$(MSBuildThisFileDirectory)zzTail2.h">
      <Filter>GameObject\Centipede\Tail\Tail2</Filter>
    </ClInclude>
    <ClInclude Include="$(MSBuildThisFileDirectory)zzOrbPink.h">
      <Filter>GameObject\Centipede\Attack\OrbPink</Filter>
    </ClInclude>
    <ClInclude Include="$(MSBuildThisFileDirectory)zzGrenade.h">
      <Filter>GameObject\Centipede\Attack\Grenade</Filter>
    </ClInclude>
    <ClInclude Include="$(MSBuildThisFileDirectory)zzCentipedeParticle.h">
      <Filter>GameObject\Centipede\Attack\CentipedeParticle</Filter>
    </ClInclude>
    <ClInclude Include="$(MSBuildThisFileDirectory)zzBloomManager.h">
      <Filter>Manager\BloomManager</Filter>
    </ClInclude>
    <ClInclude Include="$(MSBuildThisFileDirectory)zzTexture2D.h">
      <Filter>Graphics\Texture2D</Filter>
    </ClInclude>
    <ClInclude Include="$(MSBuildThisFileDirectory)zzOrbBlue.h">
      <Filter>GameObject\Centipede\Attack\OrbBlue</Filter>
    </ClInclude>
    <ClInclude Include="$(MSBuildThisFileDirectory)zzBossArenaScene.h">
      <Filter>Scene\Scene\BossArena</Filter>
    </ClInclude>
    <ClInclude Include="$(MSBuildThisFileDirectory)zzAudioClip.h">
      <Filter>Audio</Filter>
    </ClInclude>
    <ClInclude Include="$(MSBuildThisFileDirectory)zzAudioListener.h">
      <Filter>Audio</Filter>
    </ClInclude>
    <ClInclude Include="$(MSBuildThisFileDirectory)zzAudioSource.h">
      <Filter>Audio</Filter>
    </ClInclude>
    <ClInclude Include="$(MSBuildThisFileDirectory)zzFmod.h">
      <Filter>Audio</Filter>
    </ClInclude>
    <ClInclude Include="$(MSBuildThisFileDirectory)zzMegalaser.h">
      <Filter>GameObject\Spell\Projectile\Megalaser</Filter>
    </ClInclude>
    <ClInclude Include="$(MSBuildThisFileDirectory)zzMegalaserUI.h">
      <Filter>UI\SpellUI\Megalaser</Filter>
    </ClInclude>
    <ClInclude Include="$(MSBuildThisFileDirectory)zzMegalaserProj.h">
      <Filter>GameObject\Spell\Projectile\Megalaser\Child</Filter>
    </ClInclude>
    <ClInclude Include="$(MSBuildThisFileDirectory)zzPlayerView.h">
      <Filter>GameObject\Player\PlayerView</Filter>
    </ClInclude>
    <ClInclude Include="$(MSBuildThisFileDirectory)zzDrill.h">
      <Filter>UI\SpellUI\Luminous_drill</Filter>
    </ClInclude>
    <ClInclude Include="$(MSBuildThisFileDirectory)zzLuminous_drill.h">
      <Filter>GameObject\Spell\Projectile\Luminous_drill</Filter>
    </ClInclude>
    <ClInclude Include="$(MSBuildThisFileDirectory)zzRubber_ball.h">
      <Filter>UI\SpellUI\Rubber_ball</Filter>
    </ClInclude>
    <ClInclude Include="$(MSBuildThisFileDirectory)zzBouncingBurst.h">
      <Filter>GameObject\Spell\Projectile\BouncingBurst</Filter>
    </ClInclude>
    <ClInclude Include="$(MSBuildThisFileDirectory)zzZombie_weak.h">
      <Filter>GameObject\Monster\Zombie_weak</Filter>
    </ClInclude>
    <ClInclude Include="$(MSBuildThisFileDirectory)zzThreadPool.h">
      <Filter>Etc</Filter>
    </ClInclude>
    <ClInclude Include="$(MSBuildThisFileDirectory)zzEndScene.h">
      <Filter>Scene\Scene\EndScene</Filter>
    </ClInclude>
    <ClInclude Include="$(MSBuildThisFileDirectory)zzEndingEffect.h">
      <Filter>GameObject\Effect\EndingEffect</Filter>
    </ClInclude>
    <ClInclude Include="$(MSBuildThisFileDirectory)zzEndingView.h">
      <Filter>GameObject\Effect\EndingEffect</Filter>
    </ClInclude>
    <ClInclude Include="$(MSBuildThisFileDirectory)zzRedTeleport.h">
      <Filter>GameObject\Teleport\RedTeleport</Filter>
    </ClInclude>
  </ItemGroup>
</Project>