<?xml version="1.0" encoding="utf-8"?>
<Project ToolsVersion="4.0" xmlns="http://schemas.microsoft.com/developer/msbuild/2003">
  <ItemGroup>
    <Filter Include="Common">
      <UniqueIdentifier>{477ea4f6-6882-4b63-9b65-de7ffec2259b}</UniqueIdentifier>
    </Filter>
    <Filter Include="Common\Entity">
      <UniqueIdentifier>{561eb85b-9191-4cf2-8bf7-c477e0979e5d}</UniqueIdentifier>
    </Filter>
    <Filter Include="Application">
      <UniqueIdentifier>{94059b13-4e2e-459b-a8c1-13ad87242e29}</UniqueIdentifier>
    </Filter>
    <Filter Include="Common\Math">
      <UniqueIdentifier>{0ebbc145-c34a-414a-a368-1b2bd4e3aaac}</UniqueIdentifier>
    </Filter>
    <Filter Include="Resource">
      <UniqueIdentifier>{b48a19e9-9de4-418f-b1e9-27a0f1fc90c2}</UniqueIdentifier>
    </Filter>
    <Filter Include="Graphics">
      <UniqueIdentifier>{bd06b5b0-6b45-415b-a98d-9717d8d9850d}</UniqueIdentifier>
    </Filter>
    <Filter Include="Graphics\Device">
      <UniqueIdentifier>{8dd5f6c4-9771-4ac9-aba3-a9e8c8749cc2}</UniqueIdentifier>
    </Filter>
    <Filter Include="Graphics\Renderer">
      <UniqueIdentifier>{cfeda0f8-04a4-4dfc-bf17-4077c51f4e5d}</UniqueIdentifier>
    </Filter>
    <Filter Include="Graphics\ConstantBuffer">
      <UniqueIdentifier>{2f1622fd-2933-47fe-8726-734e9b71489f}</UniqueIdentifier>
    </Filter>
    <Filter Include="Manager">
      <UniqueIdentifier>{740d17ea-d463-4e92-b2d7-eac1d04bf43f}</UniqueIdentifier>
    </Filter>
    <Filter Include="Manager\SceneManager">
      <UniqueIdentifier>{a7567df6-1774-4c12-9f68-d3f4ce565218}</UniqueIdentifier>
    </Filter>
    <Filter Include="Scene">
      <UniqueIdentifier>{3decc5f7-c68c-4013-ae41-b6093a23c155}</UniqueIdentifier>
    </Filter>
    <Filter Include="Scene\Scene">
      <UniqueIdentifier>{780786df-5790-442b-b0b0-9d1ce546ac0a}</UniqueIdentifier>
    </Filter>
    <Filter Include="Scene\Layer">
      <UniqueIdentifier>{2b73ba5d-ca78-4ba7-981d-fc4778d1e243}</UniqueIdentifier>
    </Filter>
    <Filter Include="Scene\GameObject">
      <UniqueIdentifier>{f7ec4d14-97f5-47aa-9c52-f71503ea0191}</UniqueIdentifier>
    </Filter>
    <Filter Include="Scene\Component">
      <UniqueIdentifier>{9402beab-cf01-4e9e-8dd1-6a9f295bde4a}</UniqueIdentifier>
    </Filter>
    <Filter Include="Scene\Component\Base">
      <UniqueIdentifier>{2530ca1b-50a0-4a2f-9ef8-dec89dde7ee0}</UniqueIdentifier>
    </Filter>
    <Filter Include="Scene\Scene\Base">
      <UniqueIdentifier>{15528161-1041-47d5-8ce0-aba8c9796955}</UniqueIdentifier>
    </Filter>
    <Filter Include="Scene\GameObject\Base">
      <UniqueIdentifier>{d0e3d960-04d8-407c-a667-dc2db214e16d}</UniqueIdentifier>
    </Filter>
    <Filter Include="Scene\Component\Transform">
      <UniqueIdentifier>{a1bf01eb-46c7-414c-ae45-f196efa45229}</UniqueIdentifier>
    </Filter>
    <Filter Include="Scene\Component\MeshRenderer">
      <UniqueIdentifier>{85c0df24-4171-4660-b45f-b1af55684ea1}</UniqueIdentifier>
    </Filter>
    <Filter Include="Scene\Scene\PlayScene">
      <UniqueIdentifier>{4ca0343a-d00e-400f-b3cd-86c97be25565}</UniqueIdentifier>
    </Filter>
    <Filter Include="Resource\Base">
      <UniqueIdentifier>{3ae54276-075d-4887-9bd9-5e33fa14f09c}</UniqueIdentifier>
    </Filter>
    <Filter Include="Resource\Texture">
      <UniqueIdentifier>{55d1f822-fbd8-4f24-baf9-fc7dc42175e9}</UniqueIdentifier>
    </Filter>
    <Filter Include="Common\Header">
      <UniqueIdentifier>{822f6e20-25a1-4c87-bac0-c018f3cccfe7}</UniqueIdentifier>
    </Filter>
    <Filter Include="Manager\Input">
      <UniqueIdentifier>{19b0102d-8dd0-43ed-935a-e6cbbce0c89d}</UniqueIdentifier>
    </Filter>
    <Filter Include="Manager\Time">
      <UniqueIdentifier>{f73ba1d7-ee4b-4b1d-aa9b-56769c0d32b6}</UniqueIdentifier>
    </Filter>
    <Filter Include="Manager\ResourceManager">
      <UniqueIdentifier>{0efae034-0d05-441b-9755-3725c3816664}</UniqueIdentifier>
    </Filter>
    <Filter Include="Resource\Shader">
      <UniqueIdentifier>{8704f0fc-fb12-4173-a340-64e60cde570e}</UniqueIdentifier>
    </Filter>
    <Filter Include="Resource\Mesh">
      <UniqueIdentifier>{a17da8f0-a9db-435b-acdd-56c5aa30a1dd}</UniqueIdentifier>
    </Filter>
    <Filter Include="Resource\Material">
      <UniqueIdentifier>{a55c6cf9-8f62-4211-84ce-d5e381d6efd1}</UniqueIdentifier>
    </Filter>
    <Filter Include="Scene\Component\Script">
      <UniqueIdentifier>{0cc6caae-b32e-4329-85c1-b540c7fcf12f}</UniqueIdentifier>
    </Filter>
    <Filter Include="Scene\Component\Camera">
      <UniqueIdentifier>{bb8d0172-2335-4d19-8e18-28d6894b0234}</UniqueIdentifier>
    </Filter>
  </ItemGroup>
  <ItemGroup>
    <ClCompile Include="$(MSBuildThisFileDirectory)zzEntity.cpp">
      <Filter>Common\Entity</Filter>
    </ClCompile>
    <ClCompile Include="$(MSBuildThisFileDirectory)zzApplication.cpp">
      <Filter>Application</Filter>
    </ClCompile>
    <ClCompile Include="$(MSBuildThisFileDirectory)zzMath.cpp">
      <Filter>Common\Math</Filter>
    </ClCompile>
    <ClCompile Include="$(MSBuildThisFileDirectory)zzInput.cpp">
      <Filter>Manager\Input</Filter>
    </ClCompile>
    <ClCompile Include="$(MSBuildThisFileDirectory)zzTime.cpp">
      <Filter>Manager\Time</Filter>
    </ClCompile>
    <ClCompile Include="$(MSBuildThisFileDirectory)zzGraphicsDevice.cpp">
      <Filter>Graphics\Device</Filter>
    </ClCompile>
    <ClCompile Include="$(MSBuildThisFileDirectory)zzRenderer.cpp">
      <Filter>Graphics\Renderer</Filter>
    </ClCompile>
    <ClCompile Include="$(MSBuildThisFileDirectory)zzMesh.cpp">
      <Filter>Resource\Mesh</Filter>
    </ClCompile>
    <ClCompile Include="$(MSBuildThisFileDirectory)zzConstantBuffer.cpp">
      <Filter>Graphics\ConstantBuffer</Filter>
    </ClCompile>
    <ClCompile Include="$(MSBuildThisFileDirectory)zzSceneManger.cpp">
      <Filter>Manager\SceneManager</Filter>
    </ClCompile>
    <ClCompile Include="$(MSBuildThisFileDirectory)zzLayer.cpp">
      <Filter>Scene\Layer</Filter>
    </ClCompile>
    <ClCompile Include="$(MSBuildThisFileDirectory)zzComponent.cpp">
      <Filter>Scene\Component\Base</Filter>
    </ClCompile>
    <ClCompile Include="$(MSBuildThisFileDirectory)zzScene.cpp">
      <Filter>Scene\Scene\Base</Filter>
    </ClCompile>
    <ClCompile Include="$(MSBuildThisFileDirectory)zzGameObject.cpp">
      <Filter>Scene\GameObject\Base</Filter>
    </ClCompile>
    <ClCompile Include="$(MSBuildThisFileDirectory)zzTransform.cpp">
      <Filter>Scene\Component\Transform</Filter>
    </ClCompile>
    <ClCompile Include="$(MSBuildThisFileDirectory)zzMeshRenderer.cpp">
      <Filter>Scene\Component\MeshRenderer</Filter>
    </ClCompile>
    <ClCompile Include="$(MSBuildThisFileDirectory)zzPlayScene.cpp">
      <Filter>Scene\Scene\PlayScene</Filter>
    </ClCompile>
    <ClCompile Include="$(MSBuildThisFileDirectory)zzResourceManager.cpp">
      <Filter>Manager\ResourceManager</Filter>
    </ClCompile>
    <ClCompile Include="$(MSBuildThisFileDirectory)zzResource.cpp">
      <Filter>Resource\Base</Filter>
    </ClCompile>
    <ClCompile Include="$(MSBuildThisFileDirectory)zzTexture.cpp">
      <Filter>Resource\Texture</Filter>
    </ClCompile>
    <ClCompile Include="$(MSBuildThisFileDirectory)zzShader.cpp">
      <Filter>Resource\Shader</Filter>
    </ClCompile>
    <ClCompile Include="$(MSBuildThisFileDirectory)zzMaterial.cpp">
      <Filter>Resource\Material</Filter>
    </ClCompile>
    <ClCompile Include="$(MSBuildThisFileDirectory)zzScript.cpp">
      <Filter>Scene\Component\Script</Filter>
    </ClCompile>
    <ClCompile Include="$(MSBuildThisFileDirectory)zzCamera.cpp">
      <Filter>Scene\Component\Camera</Filter>
    </ClCompile>
    <ClCompile Include="$(MSBuildThisFileDirectory)zzCameraScript.cpp" />
    <ClCompile Include="$(MSBuildThisFileDirectory)zzBGScript.cpp" />
    <ClCompile Include="$(MSBuildThisFileDirectory)zzPixelGrid.cpp" />
  </ItemGroup>
  <ItemGroup>
    <ClInclude Include="$(MSBuildThisFileDirectory)zzEntity.h">
      <Filter>Common\Entity</Filter>
    </ClInclude>
    <ClInclude Include="$(MSBuildThisFileDirectory)zzApplication.h">
      <Filter>Application</Filter>
    </ClInclude>
    <ClInclude Include="$(MSBuildThisFileDirectory)zzInput.h">
      <Filter>Manager\Input</Filter>
    </ClInclude>
    <ClInclude Include="$(MSBuildThisFileDirectory)zzMath.h">
      <Filter>Common\Math</Filter>
    </ClInclude>
    <ClInclude Include="$(MSBuildThisFileDirectory)zzTime.h">
      <Filter>Manager\Time</Filter>
    </ClInclude>
    <ClInclude Include="$(MSBuildThisFileDirectory)CommonInclude.h">
      <Filter>Common\Header</Filter>
    </ClInclude>
    <ClInclude Include="$(MSBuildThisFileDirectory)zzEngine.h">
      <Filter>Common\Header</Filter>
    </ClInclude>
    <ClInclude Include="$(MSBuildThisFileDirectory)zzEnum.h">
      <Filter>Common\Header</Filter>
    </ClInclude>
    <ClInclude Include="$(MSBuildThisFileDirectory)zzGraphics.h">
      <Filter>Graphics</Filter>
    </ClInclude>
    <ClInclude Include="$(MSBuildThisFileDirectory)zzMath.inl">
      <Filter>Common\Math</Filter>
    </ClInclude>
    <ClInclude Include="$(MSBuildThisFileDirectory)define.h">
      <Filter>Common\Header</Filter>
    </ClInclude>
    <ClInclude Include="$(MSBuildThisFileDirectory)zzGraphicsDevice.h">
      <Filter>Graphics\Device</Filter>
    </ClInclude>
    <ClInclude Include="$(MSBuildThisFileDirectory)zzRenderer.h">
      <Filter>Graphics\Renderer</Filter>
    </ClInclude>
    <ClInclude Include="$(MSBuildThisFileDirectory)zzMesh.h">
      <Filter>Resource\Mesh</Filter>
    </ClInclude>
    <ClInclude Include="$(MSBuildThisFileDirectory)zzConstantBuffer.h">
      <Filter>Graphics\ConstantBuffer</Filter>
    </ClInclude>
    <ClInclude Include="$(MSBuildThisFileDirectory)zzSceneManger.h">
      <Filter>Manager\SceneManager</Filter>
    </ClInclude>
    <ClInclude Include="$(MSBuildThisFileDirectory)zzLayer.h">
      <Filter>Scene\Layer</Filter>
    </ClInclude>
    <ClInclude Include="$(MSBuildThisFileDirectory)zzComponent.h">
      <Filter>Scene\Component\Base</Filter>
    </ClInclude>
    <ClInclude Include="$(MSBuildThisFileDirectory)zzScene.h">
      <Filter>Scene\Scene\Base</Filter>
    </ClInclude>
    <ClInclude Include="$(MSBuildThisFileDirectory)zzGameObject.h">
      <Filter>Scene\GameObject\Base</Filter>
    </ClInclude>
    <ClInclude Include="$(MSBuildThisFileDirectory)zzTransform.h">
      <Filter>Scene\Component\Transform</Filter>
    </ClInclude>
    <ClInclude Include="$(MSBuildThisFileDirectory)zzMeshRenderer.h">
      <Filter>Scene\Component\MeshRenderer</Filter>
    </ClInclude>
    <ClInclude Include="$(MSBuildThisFileDirectory)zzPlayScene.h">
      <Filter>Scene\Scene\PlayScene</Filter>
    </ClInclude>
    <ClInclude Include="$(MSBuildThisFileDirectory)zzResourceManager.h">
      <Filter>Manager\ResourceManager</Filter>
    </ClInclude>
    <ClInclude Include="$(MSBuildThisFileDirectory)zzResource.h">
      <Filter>Resource\Base</Filter>
    </ClInclude>
    <ClInclude Include="$(MSBuildThisFileDirectory)zzTexture.h">
      <Filter>Resource\Texture</Filter>
    </ClInclude>
    <ClInclude Include="$(MSBuildThisFileDirectory)zzShader.h">
      <Filter>Resource\Shader</Filter>
    </ClInclude>
    <ClInclude Include="$(MSBuildThisFileDirectory)zzMaterial.h">
      <Filter>Resource\Material</Filter>
    </ClInclude>
    <ClInclude Include="$(MSBuildThisFileDirectory)zzScript.h">
      <Filter>Scene\Component\Script</Filter>
    </ClInclude>
    <ClInclude Include="$(MSBuildThisFileDirectory)zzCamera.h">
      <Filter>Scene\Component\Camera</Filter>
    </ClInclude>
    <ClInclude Include="$(MSBuildThisFileDirectory)zzCameraScript.h" />
    <ClInclude Include="$(MSBuildThisFileDirectory)zzBGScript.h" />
    <ClInclude Include="$(MSBuildThisFileDirectory)zzPixelGrid.h" />
  </ItemGroup>
</Project>